// !$*UTF8*$!
{
	archiveVersion = 1;
	classes = {
	};
	objectVersion = 46;
	objects = {

/* Begin PBXBuildFile section */
		D8180D5F19A7AA6E009CFC06 /* Foundation.framework in Frameworks */ = {isa = PBXBuildFile; fileRef = D8180D5E19A7AA6E009CFC06 /* Foundation.framework */; };
		D8180D6119A7AA6E009CFC06 /* CoreGraphics.framework in Frameworks */ = {isa = PBXBuildFile; fileRef = D8180D6019A7AA6E009CFC06 /* CoreGraphics.framework */; };
		D8180D6319A7AA6E009CFC06 /* UIKit.framework in Frameworks */ = {isa = PBXBuildFile; fileRef = D8180D6219A7AA6E009CFC06 /* UIKit.framework */; };
		D8180D6919A7AA6E009CFC06 /* InfoPlist.strings in Resources */ = {isa = PBXBuildFile; fileRef = D8180D6719A7AA6E009CFC06 /* InfoPlist.strings */; };
		D8180D6B19A7AA6E009CFC06 /* main.m in Sources */ = {isa = PBXBuildFile; fileRef = D8180D6A19A7AA6E009CFC06 /* main.m */; };
		D8180D6F19A7AA6E009CFC06 /* JLAppDelegate.m in Sources */ = {isa = PBXBuildFile; fileRef = D8180D6E19A7AA6E009CFC06 /* JLAppDelegate.m */; };
		D8180D7219A7AA6E009CFC06 /* Main.storyboard in Resources */ = {isa = PBXBuildFile; fileRef = D8180D7019A7AA6E009CFC06 /* Main.storyboard */; };
		D8180D7719A7AA6E009CFC06 /* Images.xcassets in Resources */ = {isa = PBXBuildFile; fileRef = D8180D7619A7AA6E009CFC06 /* Images.xcassets */; };
		D8180D7E19A7AA6E009CFC06 /* XCTest.framework in Frameworks */ = {isa = PBXBuildFile; fileRef = D8180D7D19A7AA6E009CFC06 /* XCTest.framework */; };
		D8180D7F19A7AA6E009CFC06 /* Foundation.framework in Frameworks */ = {isa = PBXBuildFile; fileRef = D8180D5E19A7AA6E009CFC06 /* Foundation.framework */; };
		D8180D8019A7AA6E009CFC06 /* UIKit.framework in Frameworks */ = {isa = PBXBuildFile; fileRef = D8180D6219A7AA6E009CFC06 /* UIKit.framework */; };
		D8180D8819A7AA6E009CFC06 /* InfoPlist.strings in Resources */ = {isa = PBXBuildFile; fileRef = D8180D8619A7AA6E009CFC06 /* InfoPlist.strings */; };
		D8180D8A19A7AA6E009CFC06 /* UITableViewController_Challenge_Solution2Tests.m in Sources */ = {isa = PBXBuildFile; fileRef = D8180D8919A7AA6E009CFC06 /* UITableViewController_Challenge_Solution2Tests.m */; };
		D8180D9519A7AA8F009CFC06 /* JLTableViewController.m in Sources */ = {isa = PBXBuildFile; fileRef = D8180D9419A7AA8F009CFC06 /* JLTableViewController.m */; };
/* End PBXBuildFile section */

/* Begin PBXContainerItemProxy section */
		D8180D8119A7AA6E009CFC06 /* PBXContainerItemProxy */ = {
			isa = PBXContainerItemProxy;
			containerPortal = D8180D5319A7AA6E009CFC06 /* Project object */;
			proxyType = 1;
			remoteGlobalIDString = D8180D5A19A7AA6E009CFC06;
			remoteInfo = "UITableViewController Challenge Solution2";
		};
/* End PBXContainerItemProxy section */

/* Begin PBXFileReference section */
		D8180D5B19A7AA6E009CFC06 /* UITableViewController Challenge Solution2.app */ = {isa = PBXFileReference; explicitFileType = wrapper.application; includeInIndex = 0; path = "UITableViewController Challenge Solution2.app"; sourceTree = BUILT_PRODUCTS_DIR; };
		D8180D5E19A7AA6E009CFC06 /* Foundation.framework */ = {isa = PBXFileReference; lastKnownFileType = wrapper.framework; name = Foundation.framework; path = System/Library/Frameworks/Foundation.framework; sourceTree = SDKROOT; };
		D8180D6019A7AA6E009CFC06 /* CoreGraphics.framework */ = {isa = PBXFileReference; lastKnownFileType = wrapper.framework; name = CoreGraphics.framework; path = System/Library/Frameworks/CoreGraphics.framework; sourceTree = SDKROOT; };
		D8180D6219A7AA6E009CFC06 /* UIKit.framework */ = {isa = PBXFileReference; lastKnownFileType = wrapper.framework; name = UIKit.framework; path = System/Library/Frameworks/UIKit.framework; sourceTree = SDKROOT; };
		D8180D6619A7AA6E009CFC06 /* UITableViewController Challenge Solution2-Info.plist */ = {isa = PBXFileReference; lastKnownFileType = text.plist.xml; path = "UITableViewController Challenge Solution2-Info.plist"; sourceTree = "<group>"; };
		D8180D6819A7AA6E009CFC06 /* en */ = {isa = PBXFileReference; lastKnownFileType = text.plist.strings; name = en; path = en.lproj/InfoPlist.strings; sourceTree = "<group>"; };
		D8180D6A19A7AA6E009CFC06 /* main.m */ = {isa = PBXFileReference; lastKnownFileType = sourcecode.c.objc; path = main.m; sourceTree = "<group>"; };
		D8180D6C19A7AA6E009CFC06 /* UITableViewController Challenge Solution2-Prefix.pch */ = {isa = PBXFileReference; lastKnownFileType = sourcecode.c.h; path = "UITableViewController Challenge Solution2-Prefix.pch"; sourceTree = "<group>"; };
		D8180D6D19A7AA6E009CFC06 /* JLAppDelegate.h */ = {isa = PBXFileReference; lastKnownFileType = sourcecode.c.h; path = JLAppDelegate.h; sourceTree = "<group>"; };
		D8180D6E19A7AA6E009CFC06 /* JLAppDelegate.m */ = {isa = PBXFileReference; lastKnownFileType = sourcecode.c.objc; path = JLAppDelegate.m; sourceTree = "<group>"; };
		D8180D7119A7AA6E009CFC06 /* Base */ = {isa = PBXFileReference; lastKnownFileType = file.storyboard; name = Base; path = Base.lproj/Main.storyboard; sourceTree = "<group>"; };
		D8180D7619A7AA6E009CFC06 /* Images.xcassets */ = {isa = PBXFileReference; lastKnownFileType = folder.assetcatalog; path = Images.xcassets; sourceTree = "<group>"; };
		D8180D7C19A7AA6E009CFC06 /* UITableViewController Challenge Solution2Tests.xctest */ = {isa = PBXFileReference; explicitFileType = wrapper.cfbundle; includeInIndex = 0; path = "UITableViewController Challenge Solution2Tests.xctest"; sourceTree = BUILT_PRODUCTS_DIR; };
		D8180D7D19A7AA6E009CFC06 /* XCTest.framework */ = {isa = PBXFileReference; lastKnownFileType = wrapper.framework; name = XCTest.framework; path = Library/Frameworks/XCTest.framework; sourceTree = DEVELOPER_DIR; };
		D8180D8519A7AA6E009CFC06 /* UITableViewController Challenge Solution2Tests-Info.plist */ = {isa = PBXFileReference; lastKnownFileType = text.plist.xml; path = "UITableViewController Challenge Solution2Tests-Info.plist"; sourceTree = "<group>"; };
		D8180D8719A7AA6E009CFC06 /* en */ = {isa = PBXFileReference; lastKnownFileType = text.plist.strings; name = en; path = en.lproj/InfoPlist.strings; sourceTree = "<group>"; };
		D8180D8919A7AA6E009CFC06 /* UITableViewController_Challenge_Solution2Tests.m */ = {isa = PBXFileReference; lastKnownFileType = sourcecode.c.objc; path = UITableViewController_Challenge_Solution2Tests.m; sourceTree = "<group>"; };
		D8180D9319A7AA8F009CFC06 /* JLTableViewController.h */ = {isa = PBXFileReference; fileEncoding = 4; lastKnownFileType = sourcecode.c.h; path = JLTableViewController.h; sourceTree = "<group>"; };
		D8180D9419A7AA8F009CFC06 /* JLTableViewController.m */ = {isa = PBXFileReference; fileEncoding = 4; lastKnownFileType = sourcecode.c.objc; path = JLTableViewController.m; sourceTree = "<group>"; };
/* End PBXFileReference section */

/* Begin PBXFrameworksBuildPhase section */
		D8180D5819A7AA6E009CFC06 /* Frameworks */ = {
			isa = PBXFrameworksBuildPhase;
			buildActionMask = 2147483647;
			files = (
				D8180D6119A7AA6E009CFC06 /* CoreGraphics.framework in Frameworks */,
				D8180D6319A7AA6E009CFC06 /* UIKit.framework in Frameworks */,
				D8180D5F19A7AA6E009CFC06 /* Foundation.framework in Frameworks */,
			);
			runOnlyForDeploymentPostprocessing = 0;
		};
		D8180D7919A7AA6E009CFC06 /* Frameworks */ = {
			isa = PBXFrameworksBuildPhase;
			buildActionMask = 2147483647;
			files = (
				D8180D7E19A7AA6E009CFC06 /* XCTest.framework in Frameworks */,
				D8180D8019A7AA6E009CFC06 /* UIKit.framework in Frameworks */,
				D8180D7F19A7AA6E009CFC06 /* Foundation.framework in Frameworks */,
			);
			runOnlyForDeploymentPostprocessing = 0;
		};
/* End PBXFrameworksBuildPhase section */

/* Begin PBXGroup section */
		D8180D5219A7AA6E009CFC06 = {
			isa = PBXGroup;
			children = (
				D8180D6419A7AA6E009CFC06 /* UITableViewController Challenge Solution2 */,
				D8180D8319A7AA6E009CFC06 /* UITableViewController Challenge Solution2Tests */,
				D8180D5D19A7AA6E009CFC06 /* Frameworks */,
				D8180D5C19A7AA6E009CFC06 /* Products */,
			);
			sourceTree = "<group>";
		};
		D8180D5C19A7AA6E009CFC06 /* Products */ = {
			isa = PBXGroup;
			children = (
				D8180D5B19A7AA6E009CFC06 /* UITableViewController Challenge Solution2.app */,
				D8180D7C19A7AA6E009CFC06 /* UITableViewController Challenge Solution2Tests.xctest */,
			);
			name = Products;
			sourceTree = "<group>";
		};
		D8180D5D19A7AA6E009CFC06 /* Frameworks */ = {
			isa = PBXGroup;
			children = (
				D8180D5E19A7AA6E009CFC06 /* Foundation.framework */,
				D8180D6019A7AA6E009CFC06 /* CoreGraphics.framework */,
				D8180D6219A7AA6E009CFC06 /* UIKit.framework */,
				D8180D7D19A7AA6E009CFC06 /* XCTest.framework */,
			);
			name = Frameworks;
			sourceTree = "<group>";
		};
		D8180D6419A7AA6E009CFC06 /* UITableViewController Challenge Solution2 */ = {
			isa = PBXGroup;
			children = (
				D8180D6D19A7AA6E009CFC06 /* JLAppDelegate.h */,
				D8180D6E19A7AA6E009CFC06 /* JLAppDelegate.m */,
				D8180D7019A7AA6E009CFC06 /* Main.storyboard */,
				D8180D9319A7AA8F009CFC06 /* JLTableViewController.h */,
				D8180D9419A7AA8F009CFC06 /* JLTableViewController.m */,
				D8180D7619A7AA6E009CFC06 /* Images.xcassets */,
				D8180D6519A7AA6E009CFC06 /* Supporting Files */,
			);
			path = "UITableViewController Challenge Solution2";
			sourceTree = "<group>";
		};
		D8180D6519A7AA6E009CFC06 /* Supporting Files */ = {
			isa = PBXGroup;
			children = (
				D8180D6619A7AA6E009CFC06 /* UITableViewController Challenge Solution2-Info.plist */,
				D8180D6719A7AA6E009CFC06 /* InfoPlist.strings */,
				D8180D6A19A7AA6E009CFC06 /* main.m */,
				D8180D6C19A7AA6E009CFC06 /* UITableViewController Challenge Solution2-Prefix.pch */,
			);
			name = "Supporting Files";
			sourceTree = "<group>";
		};
		D8180D8319A7AA6E009CFC06 /* UITableViewController Challenge Solution2Tests */ = {
			isa = PBXGroup;
			children = (
				D8180D8919A7AA6E009CFC06 /* UITableViewController_Challenge_Solution2Tests.m */,
				D8180D8419A7AA6E009CFC06 /* Supporting Files */,
			);
			path = "UITableViewController Challenge Solution2Tests";
			sourceTree = "<group>";
		};
		D8180D8419A7AA6E009CFC06 /* Supporting Files */ = {
			isa = PBXGroup;
			children = (
				D8180D8519A7AA6E009CFC06 /* UITableViewController Challenge Solution2Tests-Info.plist */,
				D8180D8619A7AA6E009CFC06 /* InfoPlist.strings */,
			);
			name = "Supporting Files";
			sourceTree = "<group>";
		};
/* End PBXGroup section */

/* Begin PBXNativeTarget section */
		D8180D5A19A7AA6E009CFC06 /* UITableViewController Challenge Solution2 */ = {
			isa = PBXNativeTarget;
			buildConfigurationList = D8180D8D19A7AA6E009CFC06 /* Build configuration list for PBXNativeTarget "UITableViewController Challenge Solution2" */;
			buildPhases = (
				D8180D5719A7AA6E009CFC06 /* Sources */,
				D8180D5819A7AA6E009CFC06 /* Frameworks */,
				D8180D5919A7AA6E009CFC06 /* Resources */,
			);
			buildRules = (
			);
			dependencies = (
			);
			name = "UITableViewController Challenge Solution2";
			productName = "UITableViewController Challenge Solution2";
			productReference = D8180D5B19A7AA6E009CFC06 /* UITableViewController Challenge Solution2.app */;
			productType = "com.apple.product-type.application";
		};
		D8180D7B19A7AA6E009CFC06 /* UITableViewController Challenge Solution2Tests */ = {
			isa = PBXNativeTarget;
			buildConfigurationList = D8180D9019A7AA6E009CFC06 /* Build configuration list for PBXNativeTarget "UITableViewController Challenge Solution2Tests" */;
			buildPhases = (
				D8180D7819A7AA6E009CFC06 /* Sources */,
				D8180D7919A7AA6E009CFC06 /* Frameworks */,
				D8180D7A19A7AA6E009CFC06 /* Resources */,
			);
			buildRules = (
			);
			dependencies = (
				D8180D8219A7AA6E009CFC06 /* PBXTargetDependency */,
			);
			name = "UITableViewController Challenge Solution2Tests";
			productName = "UITableViewController Challenge Solution2Tests";
			productReference = D8180D7C19A7AA6E009CFC06 /* UITableViewController Challenge Solution2Tests.xctest */;
			productType = "com.apple.product-type.bundle.unit-test";
		};
/* End PBXNativeTarget section */

/* Begin PBXProject section */
		D8180D5319A7AA6E009CFC06 /* Project object */ = {
			isa = PBXProject;
			attributes = {
				CLASSPREFIX = JL;
				LastUpgradeCheck = 0510;
				TargetAttributes = {
					D8180D7B19A7AA6E009CFC06 = {
						TestTargetID = D8180D5A19A7AA6E009CFC06;
					};
				};
			};
			buildConfigurationList = D8180D5619A7AA6E009CFC06 /* Build configuration list for PBXProject "UITableViewController Challenge Solution2" */;
			compatibilityVersion = "Xcode 3.2";
			developmentRegion = English;
			hasScannedForEncodings = 0;
			knownRegions = (
				en,
				Base,
			);
			mainGroup = D8180D5219A7AA6E009CFC06;
			productRefGroup = D8180D5C19A7AA6E009CFC06 /* Products */;
			projectDirPath = "";
			projectRoot = "";
			targets = (
				D8180D5A19A7AA6E009CFC06 /* UITableViewController Challenge Solution2 */,
				D8180D7B19A7AA6E009CFC06 /* UITableViewController Challenge Solution2Tests */,
			);
		};
/* End PBXProject section */

/* Begin PBXResourcesBuildPhase section */
		D8180D5919A7AA6E009CFC06 /* Resources */ = {
			isa = PBXResourcesBuildPhase;
			buildActionMask = 2147483647;
			files = (
				D8180D7719A7AA6E009CFC06 /* Images.xcassets in Resources */,
				D8180D6919A7AA6E009CFC06 /* InfoPlist.strings in Resources */,
				D8180D7219A7AA6E009CFC06 /* Main.storyboard in Resources */,
			);
			runOnlyForDeploymentPostprocessing = 0;
		};
		D8180D7A19A7AA6E009CFC06 /* Resources */ = {
			isa = PBXResourcesBuildPhase;
			buildActionMask = 2147483647;
			files = (
				D8180D8819A7AA6E009CFC06 /* InfoPlist.strings in Resources */,
			);
			runOnlyForDeploymentPostprocessing = 0;
		};
/* End PBXResourcesBuildPhase section */

/* Begin PBXSourcesBuildPhase section */
		D8180D5719A7AA6E009CFC06 /* Sources */ = {
			isa = PBXSourcesBuildPhase;
			buildActionMask = 2147483647;
			files = (
				D8180D9519A7AA8F009CFC06 /* JLTableViewController.m in Sources */,
				D8180D6F19A7AA6E009CFC06 /* JLAppDelegate.m in Sources */,
				D8180D6B19A7AA6E009CFC06 /* main.m in Sources */,
			);
			runOnlyForDeploymentPostprocessing = 0;
		};
		D8180D7819A7AA6E009CFC06 /* Sources */ = {
			isa = PBXSourcesBuildPhase;
			buildActionMask = 2147483647;
			files = (
				D8180D8A19A7AA6E009CFC06 /* UITableViewController_Challenge_Solution2Tests.m in Sources */,
			);
			runOnlyForDeploymentPostprocessing = 0;
		};
/* End PBXSourcesBuildPhase section */

/* Begin PBXTargetDependency section */
		D8180D8219A7AA6E009CFC06 /* PBXTargetDependency */ = {
			isa = PBXTargetDependency;
			target = D8180D5A19A7AA6E009CFC06 /* UITableViewController Challenge Solution2 */;
			targetProxy = D8180D8119A7AA6E009CFC06 /* PBXContainerItemProxy */;
		};
/* End PBXTargetDependency section */

/* Begin PBXVariantGroup section */
		D8180D6719A7AA6E009CFC06 /* InfoPlist.strings */ = {
			isa = PBXVariantGroup;
			children = (
				D8180D6819A7AA6E009CFC06 /* en */,
			);
			name = InfoPlist.strings;
			sourceTree = "<group>";
		};
		D8180D7019A7AA6E009CFC06 /* Main.storyboard */ = {
			isa = PBXVariantGroup;
			children = (
				D8180D7119A7AA6E009CFC06 /* Base */,
			);
			name = Main.storyboard;
			sourceTree = "<group>";
		};
		D8180D8619A7AA6E009CFC06 /* InfoPlist.strings */ = {
			isa = PBXVariantGroup;
			children = (
				D8180D8719A7AA6E009CFC06 /* en */,
			);
			name = InfoPlist.strings;
			sourceTree = "<group>";
		};
/* End PBXVariantGroup section */

/* Begin XCBuildConfiguration section */
		D8180D8B19A7AA6E009CFC06 /* Debug */ = {
			isa = XCBuildConfiguration;
			buildSettings = {
				ALWAYS_SEARCH_USER_PATHS = NO;
				CLANG_CXX_LANGUAGE_STANDARD = "gnu++0x";
				CLANG_CXX_LIBRARY = "libc++";
				CLANG_ENABLE_MODULES = YES;
				CLANG_ENABLE_OBJC_ARC = YES;
				CLANG_WARN_BOOL_CONVERSION = YES;
				CLANG_WARN_CONSTANT_CONVERSION = YES;
				CLANG_WARN_DIRECT_OBJC_ISA_USAGE = YES_ERROR;
				CLANG_WARN_EMPTY_BODY = YES;
				CLANG_WARN_ENUM_CONVERSION = YES;
				CLANG_WARN_INT_CONVERSION = YES;
				CLANG_WARN_OBJC_ROOT_CLASS = YES_ERROR;
				CLANG_WARN__DUPLICATE_METHOD_MATCH = YES;
				"CODE_SIGN_IDENTITY[sdk=iphoneos*]" = "iPhone Developer";
				COPY_PHASE_STRIP = NO;
				GCC_C_LANGUAGE_STANDARD = gnu99;
				GCC_DYNAMIC_NO_PIC = NO;
				GCC_OPTIMIZATION_LEVEL = 0;
				GCC_PREPROCESSOR_DEFINITIONS = (
					"DEBUG=1",
					"$(inherited)",
				);
				GCC_SYMBOLS_PRIVATE_EXTERN = NO;
				GCC_WARN_64_TO_32_BIT_CONVERSION = YES;
				GCC_WARN_ABOUT_RETURN_TYPE = YES_ERROR;
				GCC_WARN_UNDECLARED_SELECTOR = YES;
				GCC_WARN_UNINITIALIZED_AUTOS = YES_AGGRESSIVE;
				GCC_WARN_UNUSED_FUNCTION = YES;
				GCC_WARN_UNUSED_VARIABLE = YES;
				IPHONEOS_DEPLOYMENT_TARGET = 7.1;
				ONLY_ACTIVE_ARCH = YES;
				SDKROOT = iphoneos;
			};
			name = Debug;
		};
		D8180D8C19A7AA6E009CFC06 /* Release */ = {
			isa = XCBuildConfiguration;
			buildSettings = {
				ALWAYS_SEARCH_USER_PATHS = NO;
				CLANG_CXX_LANGUAGE_STANDARD = "gnu++0x";
				CLANG_CXX_LIBRARY = "libc++";
				CLANG_ENABLE_MODULES = YES;
				CLANG_ENABLE_OBJC_ARC = YES;
				CLANG_WARN_BOOL_CONVERSION = YES;
				CLANG_WARN_CONSTANT_CONVERSION = YES;
				CLANG_WARN_DIRECT_OBJC_ISA_USAGE = YES_ERROR;
				CLANG_WARN_EMPTY_BODY = YES;
				CLANG_WARN_ENUM_CONVERSION = YES;
				CLANG_WARN_INT_CONVERSION = YES;
				CLANG_WARN_OBJC_ROOT_CLASS = YES_ERROR;
				CLANG_WARN__DUPLICATE_METHOD_MATCH = YES;
				"CODE_SIGN_IDENTITY[sdk=iphoneos*]" = "iPhone Developer";
				COPY_PHASE_STRIP = YES;
				ENABLE_NS_ASSERTIONS = NO;
				GCC_C_LANGUAGE_STANDARD = gnu99;
				GCC_WARN_64_TO_32_BIT_CONVERSION = YES;
				GCC_WARN_ABOUT_RETURN_TYPE = YES_ERROR;
				GCC_WARN_UNDECLARED_SELECTOR = YES;
				GCC_WARN_UNINITIALIZED_AUTOS = YES_AGGRESSIVE;
				GCC_WARN_UNUSED_FUNCTION = YES;
				GCC_WARN_UNUSED_VARIABLE = YES;
				IPHONEOS_DEPLOYMENT_TARGET = 7.1;
				SDKROOT = iphoneos;
				VALIDATE_PRODUCT = YES;
			};
			name = Release;
		};
		D8180D8E19A7AA6E009CFC06 /* Debug */ = {
			isa = XCBuildConfiguration;
			buildSettings = {
				ASSETCATALOG_COMPILER_APPICON_NAME = AppIcon;
				ASSETCATALOG_COMPILER_LAUNCHIMAGE_NAME = LaunchImage;
				GCC_PRECOMPILE_PREFIX_HEADER = YES;
				GCC_PREFIX_HEADER = "UITableViewController Challenge Solution2/UITableViewController Challenge Solution2-Prefix.pch";
				INFOPLIST_FILE = "UITableViewController Challenge Solution2/UITableViewController Challenge Solution2-Info.plist";
				PRODUCT_NAME = "$(TARGET_NAME)";
				WRAPPER_EXTENSION = app;
			};
			name = Debug;
		};
		D8180D8F19A7AA6E009CFC06 /* Release */ = {
			isa = XCBuildConfiguration;
			buildSettings = {
				ASSETCATALOG_COMPILER_APPICON_NAME = AppIcon;
				ASSETCATALOG_COMPILER_LAUNCHIMAGE_NAME = LaunchImage;
				GCC_PRECOMPILE_PREFIX_HEADER = YES;
				GCC_PREFIX_HEADER = "UITableViewController Challenge Solution2/UITableViewController Challenge Solution2-Prefix.pch";
				INFOPLIST_FILE = "UITableViewController Challenge Solution2/UITableViewController Challenge Solution2-Info.plist";
				PRODUCT_NAME = "$(TARGET_NAME)";
				WRAPPER_EXTENSION = app;
			};
			name = Release;
		};
		D8180D9119A7AA6E009CFC06 /* Debug */ = {
			isa = XCBuildConfiguration;
			buildSettings = {
				BUNDLE_LOADER = "$(BUILT_PRODUCTS_DIR)/UITableViewController Challenge Solution2.app/UITableViewController Challenge Solution2";
				FRAMEWORK_SEARCH_PATHS = (
					"$(SDKROOT)/Developer/Library/Frameworks",
					"$(inherited)",
					"$(DEVELOPER_FRAMEWORKS_DIR)",
				);
				GCC_PRECOMPILE_PREFIX_HEADER = YES;
				GCC_PREFIX_HEADER = "UITableViewController Challenge Solution2/UITableViewController Challenge Solution2-Prefix.pch";
				GCC_PREPROCESSOR_DEFINITIONS = (
					"DEBUG=1",
					"$(inherited)",
				);
				INFOPLIST_FILE = "UITableViewController Challenge Solution2Tests/UITableViewController Challenge Solution2Tests-Info.plist";
				PRODUCT_NAME = "$(TARGET_NAME)";
				TEST_HOST = "$(BUNDLE_LOADER)";
				WRAPPER_EXTENSION = xctest;
			};
			name = Debug;
		};
		D8180D9219A7AA6E009CFC06 /* Release */ = {
			isa = XCBuildConfiguration;
			buildSettings = {
				BUNDLE_LOADER = "$(BUILT_PRODUCTS_DIR)/UITableViewController Challenge Solution2.app/UITableViewController Challenge Solution2";
				FRAMEWORK_SEARCH_PATHS = (
					"$(SDKROOT)/Developer/Library/Frameworks",
					"$(inherited)",
					"$(DEVELOPER_FRAMEWORKS_DIR)",
				);
				GCC_PRECOMPILE_PREFIX_HEADER = YES;
				GCC_PREFIX_HEADER = "UITableViewController Challenge Solution2/UITableViewController Challenge Solution2-Prefix.pch";
				INFOPLIST_FILE = "UITableViewController Challenge Solution2Tests/UITableViewController Challenge Solution2Tests-Info.plist";
				PRODUCT_NAME = "$(TARGET_NAME)";
				TEST_HOST = "$(BUNDLE_LOADER)";
				WRAPPER_EXTENSION = xctest;
			};
			name = Release;
		};
/* End XCBuildConfiguration section */

/* Begin XCConfigurationList section */
		D8180D5619A7AA6E009CFC06 /* Build configuration list for PBXProject "UITableViewController Challenge Solution2" */ = {
			isa = XCConfigurationList;
			buildConfigurations = (
				D8180D8B19A7AA6E009CFC06 /* Debug */,
				D8180D8C19A7AA6E009CFC06 /* Release */,
			);
			defaultConfigurationIsVisible = 0;
			defaultConfigurationName = Release;
		};
		D8180D8D19A7AA6E009CFC06 /* Build configuration list for PBXNativeTarget "UITableViewController Challenge Solution2" */ = {
			isa = XCConfigurationList;
			buildConfigurations = (
				D8180D8E19A7AA6E009CFC06 /* Debug */,
				D8180D8F19A7AA6E009CFC06 /* Release */,
			);
			defaultConfigurationIsVisible = 0;
		};
		D8180D9019A7AA6E009CFC06 /* Build configuration list for PBXNativeTarget "UITableViewController Challenge Solution2Tests" */ = {
			isa = XCConfigurationList;
			buildConfigurations = (
				D8180D9119A7AA6E009CFC06 /* Debug */,
				D8180D9219A7AA6E009CFC06 /* Release */,
			);
			defaultConfigurationIsVisible = 0;
		};
/* End XCConfigurationList section */
	};
	rootObject = D8180D5319A7AA6E009CFC06 /* Project object */;
}
