// !$*UTF8*$!
{
	archiveVersion = 1;
	classes = {
	};
	objectVersion = 46;
	objects = {

/* Begin PBXBuildFile section */
		D83F13B0199026E400D9B448 /* Foundation.framework in Frameworks */ = {isa = PBXBuildFile; fileRef = D83F13AF199026E400D9B448 /* Foundation.framework */; };
		D83F13B2199026E400D9B448 /* CoreGraphics.framework in Frameworks */ = {isa = PBXBuildFile; fileRef = D83F13B1199026E400D9B448 /* CoreGraphics.framework */; };
		D83F13B4199026E400D9B448 /* UIKit.framework in Frameworks */ = {isa = PBXBuildFile; fileRef = D83F13B3199026E400D9B448 /* UIKit.framework */; };
		D83F13BA199026E400D9B448 /* InfoPlist.strings in Resources */ = {isa = PBXBuildFile; fileRef = D83F13B8199026E400D9B448 /* InfoPlist.strings */; };
		D83F13BC199026E400D9B448 /* main.m in Sources */ = {isa = PBXBuildFile; fileRef = D83F13BB199026E400D9B448 /* main.m */; };
		D83F13C0199026E400D9B448 /* JLAppDelegate.m in Sources */ = {isa = PBXBuildFile; fileRef = D83F13BF199026E400D9B448 /* JLAppDelegate.m */; };
		D83F13C3199026E400D9B448 /* Main.storyboard in Resources */ = {isa = PBXBuildFile; fileRef = D83F13C1199026E400D9B448 /* Main.storyboard */; };
		D83F13C6199026E400D9B448 /* JLViewController.m in Sources */ = {isa = PBXBuildFile; fileRef = D83F13C5199026E400D9B448 /* JLViewController.m */; };
		D83F13C8199026E400D9B448 /* Images.xcassets in Resources */ = {isa = PBXBuildFile; fileRef = D83F13C7199026E400D9B448 /* Images.xcassets */; };
		D83F13CF199026E400D9B448 /* XCTest.framework in Frameworks */ = {isa = PBXBuildFile; fileRef = D83F13CE199026E400D9B448 /* XCTest.framework */; };
		D83F13D0199026E400D9B448 /* Foundation.framework in Frameworks */ = {isa = PBXBuildFile; fileRef = D83F13AF199026E400D9B448 /* Foundation.framework */; };
		D83F13D1199026E400D9B448 /* UIKit.framework in Frameworks */ = {isa = PBXBuildFile; fileRef = D83F13B3199026E400D9B448 /* UIKit.framework */; };
		D83F13D9199026E400D9B448 /* InfoPlist.strings in Resources */ = {isa = PBXBuildFile; fileRef = D83F13D7199026E400D9B448 /* InfoPlist.strings */; };
		D83F13DB199026E400D9B448 /* FeetToYardsConverterTests.m in Sources */ = {isa = PBXBuildFile; fileRef = D83F13DA199026E400D9B448 /* FeetToYardsConverterTests.m */; };
/* End PBXBuildFile section */

/* Begin PBXContainerItemProxy section */
		D83F13D2199026E400D9B448 /* PBXContainerItemProxy */ = {
			isa = PBXContainerItemProxy;
			containerPortal = D83F13A4199026E400D9B448 /* Project object */;
			proxyType = 1;
			remoteGlobalIDString = D83F13AB199026E400D9B448;
			remoteInfo = FeetToYardsConverter;
		};
/* End PBXContainerItemProxy section */

/* Begin PBXFileReference section */
		D83F13AC199026E400D9B448 /* FeetToYardsConverter.app */ = {isa = PBXFileReference; explicitFileType = wrapper.application; includeInIndex = 0; path = FeetToYardsConverter.app; sourceTree = BUILT_PRODUCTS_DIR; };
		D83F13AF199026E400D9B448 /* Foundation.framework */ = {isa = PBXFileReference; lastKnownFileType = wrapper.framework; name = Foundation.framework; path = System/Library/Frameworks/Foundation.framework; sourceTree = SDKROOT; };
		D83F13B1199026E400D9B448 /* CoreGraphics.framework */ = {isa = PBXFileReference; lastKnownFileType = wrapper.framework; name = CoreGraphics.framework; path = System/Library/Frameworks/CoreGraphics.framework; sourceTree = SDKROOT; };
		D83F13B3199026E400D9B448 /* UIKit.framework */ = {isa = PBXFileReference; lastKnownFileType = wrapper.framework; name = UIKit.framework; path = System/Library/Frameworks/UIKit.framework; sourceTree = SDKROOT; };
		D83F13B7199026E400D9B448 /* FeetToYardsConverter-Info.plist */ = {isa = PBXFileReference; lastKnownFileType = text.plist.xml; path = "FeetToYardsConverter-Info.plist"; sourceTree = "<group>"; };
		D83F13B9199026E400D9B448 /* en */ = {isa = PBXFileReference; lastKnownFileType = text.plist.strings; name = en; path = en.lproj/InfoPlist.strings; sourceTree = "<group>"; };
		D83F13BB199026E400D9B448 /* main.m */ = {isa = PBXFileReference; lastKnownFileType = sourcecode.c.objc; path = main.m; sourceTree = "<group>"; };
		D83F13BD199026E400D9B448 /* FeetToYardsConverter-Prefix.pch */ = {isa = PBXFileReference; lastKnownFileType = sourcecode.c.h; path = "FeetToYardsConverter-Prefix.pch"; sourceTree = "<group>"; };
		D83F13BE199026E400D9B448 /* JLAppDelegate.h */ = {isa = PBXFileReference; lastKnownFileType = sourcecode.c.h; path = JLAppDelegate.h; sourceTree = "<group>"; };
		D83F13BF199026E400D9B448 /* JLAppDelegate.m */ = {isa = PBXFileReference; lastKnownFileType = sourcecode.c.objc; path = JLAppDelegate.m; sourceTree = "<group>"; };
		D83F13C2199026E400D9B448 /* Base */ = {isa = PBXFileReference; lastKnownFileType = file.storyboard; name = Base; path = Base.lproj/Main.storyboard; sourceTree = "<group>"; };
		D83F13C4199026E400D9B448 /* JLViewController.h */ = {isa = PBXFileReference; lastKnownFileType = sourcecode.c.h; path = JLViewController.h; sourceTree = "<group>"; };
		D83F13C5199026E400D9B448 /* JLViewController.m */ = {isa = PBXFileReference; lastKnownFileType = sourcecode.c.objc; path = JLViewController.m; sourceTree = "<group>"; };
		D83F13C7199026E400D9B448 /* Images.xcassets */ = {isa = PBXFileReference; lastKnownFileType = folder.assetcatalog; path = Images.xcassets; sourceTree = "<group>"; };
		D83F13CD199026E400D9B448 /* FeetToYardsConverterTests.xctest */ = {isa = PBXFileReference; explicitFileType = wrapper.cfbundle; includeInIndex = 0; path = FeetToYardsConverterTests.xctest; sourceTree = BUILT_PRODUCTS_DIR; };
		D83F13CE199026E400D9B448 /* XCTest.framework */ = {isa = PBXFileReference; lastKnownFileType = wrapper.framework; name = XCTest.framework; path = Library/Frameworks/XCTest.framework; sourceTree = DEVELOPER_DIR; };
		D83F13D6199026E400D9B448 /* FeetToYardsConverterTests-Info.plist */ = {isa = PBXFileReference; lastKnownFileType = text.plist.xml; path = "FeetToYardsConverterTests-Info.plist"; sourceTree = "<group>"; };
		D83F13D8199026E400D9B448 /* en */ = {isa = PBXFileReference; lastKnownFileType = text.plist.strings; name = en; path = en.lproj/InfoPlist.strings; sourceTree = "<group>"; };
		D83F13DA199026E400D9B448 /* FeetToYardsConverterTests.m */ = {isa = PBXFileReference; lastKnownFileType = sourcecode.c.objc; path = FeetToYardsConverterTests.m; sourceTree = "<group>"; };
/* End PBXFileReference section */

/* Begin PBXFrameworksBuildPhase section */
		D83F13A9199026E400D9B448 /* Frameworks */ = {
			isa = PBXFrameworksBuildPhase;
			buildActionMask = 2147483647;
			files = (
				D83F13B2199026E400D9B448 /* CoreGraphics.framework in Frameworks */,
				D83F13B4199026E400D9B448 /* UIKit.framework in Frameworks */,
				D83F13B0199026E400D9B448 /* Foundation.framework in Frameworks */,
			);
			runOnlyForDeploymentPostprocessing = 0;
		};
		D83F13CA199026E400D9B448 /* Frameworks */ = {
			isa = PBXFrameworksBuildPhase;
			buildActionMask = 2147483647;
			files = (
				D83F13CF199026E400D9B448 /* XCTest.framework in Frameworks */,
				D83F13D1199026E400D9B448 /* UIKit.framework in Frameworks */,
				D83F13D0199026E400D9B448 /* Foundation.framework in Frameworks */,
			);
			runOnlyForDeploymentPostprocessing = 0;
		};
/* End PBXFrameworksBuildPhase section */

/* Begin PBXGroup section */
		D83F13A3199026E400D9B448 = {
			isa = PBXGroup;
			children = (
				D83F13B5199026E400D9B448 /* FeetToYardsConverter */,
				D83F13D4199026E400D9B448 /* FeetToYardsConverterTests */,
				D83F13AE199026E400D9B448 /* Frameworks */,
				D83F13AD199026E400D9B448 /* Products */,
			);
			sourceTree = "<group>";
		};
		D83F13AD199026E400D9B448 /* Products */ = {
			isa = PBXGroup;
			children = (
				D83F13AC199026E400D9B448 /* FeetToYardsConverter.app */,
				D83F13CD199026E400D9B448 /* FeetToYardsConverterTests.xctest */,
			);
			name = Products;
			sourceTree = "<group>";
		};
		D83F13AE199026E400D9B448 /* Frameworks */ = {
			isa = PBXGroup;
			children = (
				D83F13AF199026E400D9B448 /* Foundation.framework */,
				D83F13B1199026E400D9B448 /* CoreGraphics.framework */,
				D83F13B3199026E400D9B448 /* UIKit.framework */,
				D83F13CE199026E400D9B448 /* XCTest.framework */,
			);
			name = Frameworks;
			sourceTree = "<group>";
		};
		D83F13B5199026E400D9B448 /* FeetToYardsConverter */ = {
			isa = PBXGroup;
			children = (
				D83F13BE199026E400D9B448 /* JLAppDelegate.h */,
				D83F13BF199026E400D9B448 /* JLAppDelegate.m */,
				D83F13C1199026E400D9B448 /* Main.storyboard */,
				D83F13C4199026E400D9B448 /* JLViewController.h */,
				D83F13C5199026E400D9B448 /* JLViewController.m */,
				D83F13C7199026E400D9B448 /* Images.xcassets */,
				D83F13B6199026E400D9B448 /* Supporting Files */,
			);
			path = FeetToYardsConverter;
			sourceTree = "<group>";
		};
		D83F13B6199026E400D9B448 /* Supporting Files */ = {
			isa = PBXGroup;
			children = (
				D83F13B7199026E400D9B448 /* FeetToYardsConverter-Info.plist */,
				D83F13B8199026E400D9B448 /* InfoPlist.strings */,
				D83F13BB199026E400D9B448 /* main.m */,
				D83F13BD199026E400D9B448 /* FeetToYardsConverter-Prefix.pch */,
			);
			name = "Supporting Files";
			sourceTree = "<group>";
		};
		D83F13D4199026E400D9B448 /* FeetToYardsConverterTests */ = {
			isa = PBXGroup;
			children = (
				D83F13DA199026E400D9B448 /* FeetToYardsConverterTests.m */,
				D83F13D5199026E400D9B448 /* Supporting Files */,
			);
			path = FeetToYardsConverterTests;
			sourceTree = "<group>";
		};
		D83F13D5199026E400D9B448 /* Supporting Files */ = {
			isa = PBXGroup;
			children = (
				D83F13D6199026E400D9B448 /* FeetToYardsConverterTests-Info.plist */,
				D83F13D7199026E400D9B448 /* InfoPlist.strings */,
			);
			name = "Supporting Files";
			sourceTree = "<group>";
		};
/* End PBXGroup section */

/* Begin PBXNativeTarget section */
		D83F13AB199026E400D9B448 /* FeetToYardsConverter */ = {
			isa = PBXNativeTarget;
			buildConfigurationList = D83F13DE199026E400D9B448 /* Build configuration list for PBXNativeTarget "FeetToYardsConverter" */;
			buildPhases = (
				D83F13A8199026E400D9B448 /* Sources */,
				D83F13A9199026E400D9B448 /* Frameworks */,
				D83F13AA199026E400D9B448 /* Resources */,
			);
			buildRules = (
			);
			dependencies = (
			);
			name = FeetToYardsConverter;
			productName = FeetToYardsConverter;
			productReference = D83F13AC199026E400D9B448 /* FeetToYardsConverter.app */;
			productType = "com.apple.product-type.application";
		};
		D83F13CC199026E400D9B448 /* FeetToYardsConverterTests */ = {
			isa = PBXNativeTarget;
			buildConfigurationList = D83F13E1199026E400D9B448 /* Build configuration list for PBXNativeTarget "FeetToYardsConverterTests" */;
			buildPhases = (
				D83F13C9199026E400D9B448 /* Sources */,
				D83F13CA199026E400D9B448 /* Frameworks */,
				D83F13CB199026E400D9B448 /* Resources */,
			);
			buildRules = (
			);
			dependencies = (
				D83F13D3199026E400D9B448 /* PBXTargetDependency */,
			);
			name = FeetToYardsConverterTests;
			productName = FeetToYardsConverterTests;
			productReference = D83F13CD199026E400D9B448 /* FeetToYardsConverterTests.xctest */;
			productType = "com.apple.product-type.bundle.unit-test";
		};
/* End PBXNativeTarget section */

/* Begin PBXProject section */
		D83F13A4199026E400D9B448 /* Project object */ = {
			isa = PBXProject;
			attributes = {
				CLASSPREFIX = JL;
				LastUpgradeCheck = 0510;
				TargetAttributes = {
					D83F13CC199026E400D9B448 = {
						TestTargetID = D83F13AB199026E400D9B448;
					};
				};
			};
			buildConfigurationList = D83F13A7199026E400D9B448 /* Build configuration list for PBXProject "FeetToYardsConverter" */;
			compatibilityVersion = "Xcode 3.2";
			developmentRegion = English;
			hasScannedForEncodings = 0;
			knownRegions = (
				en,
				Base,
			);
			mainGroup = D83F13A3199026E400D9B448;
			productRefGroup = D83F13AD199026E400D9B448 /* Products */;
			projectDirPath = "";
			projectRoot = "";
			targets = (
				D83F13AB199026E400D9B448 /* FeetToYardsConverter */,
				D83F13CC199026E400D9B448 /* FeetToYardsConverterTests */,
			);
		};
/* End PBXProject section */

/* Begin PBXResourcesBuildPhase section */
		D83F13AA199026E400D9B448 /* Resources */ = {
			isa = PBXResourcesBuildPhase;
			buildActionMask = 2147483647;
			files = (
				D83F13C8199026E400D9B448 /* Images.xcassets in Resources */,
				D83F13BA199026E400D9B448 /* InfoPlist.strings in Resources */,
				D83F13C3199026E400D9B448 /* Main.storyboard in Resources */,
			);
			runOnlyForDeploymentPostprocessing = 0;
		};
		D83F13CB199026E400D9B448 /* Resources */ = {
			isa = PBXResourcesBuildPhase;
			buildActionMask = 2147483647;
			files = (
				D83F13D9199026E400D9B448 /* InfoPlist.strings in Resources */,
			);
			runOnlyForDeploymentPostprocessing = 0;
		};
/* End PBXResourcesBuildPhase section */

/* Begin PBXSourcesBuildPhase section */
		D83F13A8199026E400D9B448 /* Sources */ = {
			isa = PBXSourcesBuildPhase;
			buildActionMask = 2147483647;
			files = (
				D83F13C0199026E400D9B448 /* JLAppDelegate.m in Sources */,
				D83F13C6199026E400D9B448 /* JLViewController.m in Sources */,
				D83F13BC199026E400D9B448 /* main.m in Sources */,
			);
			runOnlyForDeploymentPostprocessing = 0;
		};
		D83F13C9199026E400D9B448 /* Sources */ = {
			isa = PBXSourcesBuildPhase;
			buildActionMask = 2147483647;
			files = (
				D83F13DB199026E400D9B448 /* FeetToYardsConverterTests.m in Sources */,
			);
			runOnlyForDeploymentPostprocessing = 0;
		};
/* End PBXSourcesBuildPhase section */

/* Begin PBXTargetDependency section */
		D83F13D3199026E400D9B448 /* PBXTargetDependency */ = {
			isa = PBXTargetDependency;
			target = D83F13AB199026E400D9B448 /* FeetToYardsConverter */;
			targetProxy = D83F13D2199026E400D9B448 /* PBXContainerItemProxy */;
		};
/* End PBXTargetDependency section */

/* Begin PBXVariantGroup section */
		D83F13B8199026E400D9B448 /* InfoPlist.strings */ = {
			isa = PBXVariantGroup;
			children = (
				D83F13B9199026E400D9B448 /* en */,
			);
			name = InfoPlist.strings;
			sourceTree = "<group>";
		};
		D83F13C1199026E400D9B448 /* Main.storyboard */ = {
			isa = PBXVariantGroup;
			children = (
				D83F13C2199026E400D9B448 /* Base */,
			);
			name = Main.storyboard;
			sourceTree = "<group>";
		};
		D83F13D7199026E400D9B448 /* InfoPlist.strings */ = {
			isa = PBXVariantGroup;
			children = (
				D83F13D8199026E400D9B448 /* en */,
			);
			name = InfoPlist.strings;
			sourceTree = "<group>";
		};
/* End PBXVariantGroup section */

/* Begin XCBuildConfiguration section */
		D83F13DC199026E400D9B448 /* Debug */ = {
			isa = XCBuildConfiguration;
			buildSettings = {
				ALWAYS_SEARCH_USER_PATHS = NO;
				CLANG_CXX_LANGUAGE_STANDARD = "gnu++0x";
				CLANG_CXX_LIBRARY = "libc++";
				CLANG_ENABLE_MODULES = YES;
				CLANG_ENABLE_OBJC_ARC = YES;
				CLANG_WARN_BOOL_CONVERSION = YES;
				CLANG_WARN_CONSTANT_CONVERSION = YES;
				CLANG_WARN_DIRECT_OBJC_ISA_USAGE = YES_ERROR;
				CLANG_WARN_EMPTY_BODY = YES;
				CLANG_WARN_ENUM_CONVERSION = YES;
				CLANG_WARN_INT_CONVERSION = YES;
				CLANG_WARN_OBJC_ROOT_CLASS = YES_ERROR;
				CLANG_WARN__DUPLICATE_METHOD_MATCH = YES;
				"CODE_SIGN_IDENTITY[sdk=iphoneos*]" = "iPhone Developer";
				COPY_PHASE_STRIP = NO;
				GCC_C_LANGUAGE_STANDARD = gnu99;
				GCC_DYNAMIC_NO_PIC = NO;
				GCC_OPTIMIZATION_LEVEL = 0;
				GCC_PREPROCESSOR_DEFINITIONS = (
					"DEBUG=1",
					"$(inherited)",
				);
				GCC_SYMBOLS_PRIVATE_EXTERN = NO;
				GCC_WARN_64_TO_32_BIT_CONVERSION = YES;
				GCC_WARN_ABOUT_RETURN_TYPE = YES_ERROR;
				GCC_WARN_UNDECLARED_SELECTOR = YES;
				GCC_WARN_UNINITIALIZED_AUTOS = YES_AGGRESSIVE;
				GCC_WARN_UNUSED_FUNCTION = YES;
				GCC_WARN_UNUSED_VARIABLE = YES;
				IPHONEOS_DEPLOYMENT_TARGET = 7.1;
				ONLY_ACTIVE_ARCH = YES;
				SDKROOT = iphoneos;
			};
			name = Debug;
		};
		D83F13DD199026E400D9B448 /* Release */ = {
			isa = XCBuildConfiguration;
			buildSettings = {
				ALWAYS_SEARCH_USER_PATHS = NO;
				CLANG_CXX_LANGUAGE_STANDARD = "gnu++0x";
				CLANG_CXX_LIBRARY = "libc++";
				CLANG_ENABLE_MODULES = YES;
				CLANG_ENABLE_OBJC_ARC = YES;
				CLANG_WARN_BOOL_CONVERSION = YES;
				CLANG_WARN_CONSTANT_CONVERSION = YES;
				CLANG_WARN_DIRECT_OBJC_ISA_USAGE = YES_ERROR;
				CLANG_WARN_EMPTY_BODY = YES;
				CLANG_WARN_ENUM_CONVERSION = YES;
				CLANG_WARN_INT_CONVERSION = YES;
				CLANG_WARN_OBJC_ROOT_CLASS = YES_ERROR;
				CLANG_WARN__DUPLICATE_METHOD_MATCH = YES;
				"CODE_SIGN_IDENTITY[sdk=iphoneos*]" = "iPhone Developer";
				COPY_PHASE_STRIP = YES;
				ENABLE_NS_ASSERTIONS = NO;
				GCC_C_LANGUAGE_STANDARD = gnu99;
				GCC_WARN_64_TO_32_BIT_CONVERSION = YES;
				GCC_WARN_ABOUT_RETURN_TYPE = YES_ERROR;
				GCC_WARN_UNDECLARED_SELECTOR = YES;
				GCC_WARN_UNINITIALIZED_AUTOS = YES_AGGRESSIVE;
				GCC_WARN_UNUSED_FUNCTION = YES;
				GCC_WARN_UNUSED_VARIABLE = YES;
				IPHONEOS_DEPLOYMENT_TARGET = 7.1;
				SDKROOT = iphoneos;
				VALIDATE_PRODUCT = YES;
			};
			name = Release;
		};
		D83F13DF199026E400D9B448 /* Debug */ = {
			isa = XCBuildConfiguration;
			buildSettings = {
				ASSETCATALOG_COMPILER_APPICON_NAME = AppIcon;
				ASSETCATALOG_COMPILER_LAUNCHIMAGE_NAME = LaunchImage;
				GCC_PRECOMPILE_PREFIX_HEADER = YES;
				GCC_PREFIX_HEADER = "FeetToYardsConverter/FeetToYardsConverter-Prefix.pch";
				INFOPLIST_FILE = "FeetToYardsConverter/FeetToYardsConverter-Info.plist";
				PRODUCT_NAME = "$(TARGET_NAME)";
				WRAPPER_EXTENSION = app;
			};
			name = Debug;
		};
		D83F13E0199026E400D9B448 /* Release */ = {
			isa = XCBuildConfiguration;
			buildSettings = {
				ASSETCATALOG_COMPILER_APPICON_NAME = AppIcon;
				ASSETCATALOG_COMPILER_LAUNCHIMAGE_NAME = LaunchImage;
				GCC_PRECOMPILE_PREFIX_HEADER = YES;
				GCC_PREFIX_HEADER = "FeetToYardsConverter/FeetToYardsConverter-Prefix.pch";
				INFOPLIST_FILE = "FeetToYardsConverter/FeetToYardsConverter-Info.plist";
				PRODUCT_NAME = "$(TARGET_NAME)";
				WRAPPER_EXTENSION = app;
			};
			name = Release;
		};
		D83F13E2199026E400D9B448 /* Debug */ = {
			isa = XCBuildConfiguration;
			buildSettings = {
				BUNDLE_LOADER = "$(BUILT_PRODUCTS_DIR)/FeetToYardsConverter.app/FeetToYardsConverter";
				FRAMEWORK_SEARCH_PATHS = (
					"$(SDKROOT)/Developer/Library/Frameworks",
					"$(inherited)",
					"$(DEVELOPER_FRAMEWORKS_DIR)",
				);
				GCC_PRECOMPILE_PREFIX_HEADER = YES;
				GCC_PREFIX_HEADER = "FeetToYardsConverter/FeetToYardsConverter-Prefix.pch";
				GCC_PREPROCESSOR_DEFINITIONS = (
					"DEBUG=1",
					"$(inherited)",
				);
				INFOPLIST_FILE = "FeetToYardsConverterTests/FeetToYardsConverterTests-Info.plist";
				PRODUCT_NAME = "$(TARGET_NAME)";
				TEST_HOST = "$(BUNDLE_LOADER)";
				WRAPPER_EXTENSION = xctest;
			};
			name = Debug;
		};
		D83F13E3199026E400D9B448 /* Release */ = {
			isa = XCBuildConfiguration;
			buildSettings = {
				BUNDLE_LOADER = "$(BUILT_PRODUCTS_DIR)/FeetToYardsConverter.app/FeetToYardsConverter";
				FRAMEWORK_SEARCH_PATHS = (
					"$(SDKROOT)/Developer/Library/Frameworks",
					"$(inherited)",
					"$(DEVELOPER_FRAMEWORKS_DIR)",
				);
				GCC_PRECOMPILE_PREFIX_HEADER = YES;
				GCC_PREFIX_HEADER = "FeetToYardsConverter/FeetToYardsConverter-Prefix.pch";
				INFOPLIST_FILE = "FeetToYardsConverterTests/FeetToYardsConverterTests-Info.plist";
				PRODUCT_NAME = "$(TARGET_NAME)";
				TEST_HOST = "$(BUNDLE_LOADER)";
				WRAPPER_EXTENSION = xctest;
			};
			name = Release;
		};
/* End XCBuildConfiguration section */

/* Begin XCConfigurationList section */
		D83F13A7199026E400D9B448 /* Build configuration list for PBXProject "FeetToYardsConverter" */ = {
			isa = XCConfigurationList;
			buildConfigurations = (
				D83F13DC199026E400D9B448 /* Debug */,
				D83F13DD199026E400D9B448 /* Release */,
			);
			defaultConfigurationIsVisible = 0;
			defaultConfigurationName = Release;
		};
		D83F13DE199026E400D9B448 /* Build configuration list for PBXNativeTarget "FeetToYardsConverter" */ = {
			isa = XCConfigurationList;
			buildConfigurations = (
				D83F13DF199026E400D9B448 /* Debug */,
				D83F13E0199026E400D9B448 /* Release */,
			);
			defaultConfigurationIsVisible = 0;
		};
		D83F13E1199026E400D9B448 /* Build configuration list for PBXNativeTarget "FeetToYardsConverterTests" */ = {
			isa = XCConfigurationList;
			buildConfigurations = (
				D83F13E2199026E400D9B448 /* Debug */,
				D83F13E3199026E400D9B448 /* Release */,
			);
			defaultConfigurationIsVisible = 0;
		};
/* End XCConfigurationList section */
	};
	rootObject = D83F13A4199026E400D9B448 /* Project object */;
}
