// !$*UTF8*$!
{
	archiveVersion = 1;
	classes = {
	};
	objectVersion = 46;
	objects = {

/* Begin PBXBuildFile section */
		D8A6822A199123FB00BD15D2 /* Foundation.framework in Frameworks */ = {isa = PBXBuildFile; fileRef = D8A68229199123FB00BD15D2 /* Foundation.framework */; };
		D8A6822C199123FB00BD15D2 /* CoreGraphics.framework in Frameworks */ = {isa = PBXBuildFile; fileRef = D8A6822B199123FB00BD15D2 /* CoreGraphics.framework */; };
		D8A6822E199123FB00BD15D2 /* UIKit.framework in Frameworks */ = {isa = PBXBuildFile; fileRef = D8A6822D199123FB00BD15D2 /* UIKit.framework */; };
		D8A68234199123FB00BD15D2 /* InfoPlist.strings in Resources */ = {isa = PBXBuildFile; fileRef = D8A68232199123FB00BD15D2 /* InfoPlist.strings */; };
		D8A68236199123FB00BD15D2 /* main.m in Sources */ = {isa = PBXBuildFile; fileRef = D8A68235199123FB00BD15D2 /* main.m */; };
		D8A6823A199123FB00BD15D2 /* JLAppDelegate.m in Sources */ = {isa = PBXBuildFile; fileRef = D8A68239199123FB00BD15D2 /* JLAppDelegate.m */; };
		D8A6823D199123FB00BD15D2 /* Main.storyboard in Resources */ = {isa = PBXBuildFile; fileRef = D8A6823B199123FB00BD15D2 /* Main.storyboard */; };
		D8A68240199123FB00BD15D2 /* JLViewController.m in Sources */ = {isa = PBXBuildFile; fileRef = D8A6823F199123FB00BD15D2 /* JLViewController.m */; };
		D8A68242199123FB00BD15D2 /* Images.xcassets in Resources */ = {isa = PBXBuildFile; fileRef = D8A68241199123FB00BD15D2 /* Images.xcassets */; };
		D8A68249199123FB00BD15D2 /* XCTest.framework in Frameworks */ = {isa = PBXBuildFile; fileRef = D8A68248199123FB00BD15D2 /* XCTest.framework */; };
		D8A6824A199123FB00BD15D2 /* Foundation.framework in Frameworks */ = {isa = PBXBuildFile; fileRef = D8A68229199123FB00BD15D2 /* Foundation.framework */; };
		D8A6824B199123FB00BD15D2 /* UIKit.framework in Frameworks */ = {isa = PBXBuildFile; fileRef = D8A6822D199123FB00BD15D2 /* UIKit.framework */; };
		D8A68253199123FB00BD15D2 /* InfoPlist.strings in Resources */ = {isa = PBXBuildFile; fileRef = D8A68251199123FB00BD15D2 /* InfoPlist.strings */; };
		D8A68255199123FB00BD15D2 /* SumOfAllNumbersTests.m in Sources */ = {isa = PBXBuildFile; fileRef = D8A68254199123FB00BD15D2 /* SumOfAllNumbersTests.m */; };
		D8A682601991258000BD15D2 /* summation.png in Resources */ = {isa = PBXBuildFile; fileRef = D8A6825E1991258000BD15D2 /* summation.png */; };
		D8A682611991258000BD15D2 /* factorial.gif in Resources */ = {isa = PBXBuildFile; fileRef = D8A6825F1991258000BD15D2 /* factorial.gif */; };
/* End PBXBuildFile section */

/* Begin PBXContainerItemProxy section */
		D8A6824C199123FB00BD15D2 /* PBXContainerItemProxy */ = {
			isa = PBXContainerItemProxy;
			containerPortal = D8A6821E199123FB00BD15D2 /* Project object */;
			proxyType = 1;
			remoteGlobalIDString = D8A68225199123FB00BD15D2;
			remoteInfo = SumOfAllNumbers;
		};
/* End PBXContainerItemProxy section */

/* Begin PBXFileReference section */
		D8A68226199123FB00BD15D2 /* SumOfAllNumbers.app */ = {isa = PBXFileReference; explicitFileType = wrapper.application; includeInIndex = 0; path = SumOfAllNumbers.app; sourceTree = BUILT_PRODUCTS_DIR; };
		D8A68229199123FB00BD15D2 /* Foundation.framework */ = {isa = PBXFileReference; lastKnownFileType = wrapper.framework; name = Foundation.framework; path = System/Library/Frameworks/Foundation.framework; sourceTree = SDKROOT; };
		D8A6822B199123FB00BD15D2 /* CoreGraphics.framework */ = {isa = PBXFileReference; lastKnownFileType = wrapper.framework; name = CoreGraphics.framework; path = System/Library/Frameworks/CoreGraphics.framework; sourceTree = SDKROOT; };
		D8A6822D199123FB00BD15D2 /* UIKit.framework */ = {isa = PBXFileReference; lastKnownFileType = wrapper.framework; name = UIKit.framework; path = System/Library/Frameworks/UIKit.framework; sourceTree = SDKROOT; };
		D8A68231199123FB00BD15D2 /* SumOfAllNumbers-Info.plist */ = {isa = PBXFileReference; lastKnownFileType = text.plist.xml; path = "SumOfAllNumbers-Info.plist"; sourceTree = "<group>"; };
		D8A68233199123FB00BD15D2 /* en */ = {isa = PBXFileReference; lastKnownFileType = text.plist.strings; name = en; path = en.lproj/InfoPlist.strings; sourceTree = "<group>"; };
		D8A68235199123FB00BD15D2 /* main.m */ = {isa = PBXFileReference; lastKnownFileType = sourcecode.c.objc; path = main.m; sourceTree = "<group>"; };
		D8A68237199123FB00BD15D2 /* SumOfAllNumbers-Prefix.pch */ = {isa = PBXFileReference; lastKnownFileType = sourcecode.c.h; path = "SumOfAllNumbers-Prefix.pch"; sourceTree = "<group>"; };
		D8A68238199123FB00BD15D2 /* JLAppDelegate.h */ = {isa = PBXFileReference; lastKnownFileType = sourcecode.c.h; path = JLAppDelegate.h; sourceTree = "<group>"; };
		D8A68239199123FB00BD15D2 /* JLAppDelegate.m */ = {isa = PBXFileReference; lastKnownFileType = sourcecode.c.objc; path = JLAppDelegate.m; sourceTree = "<group>"; };
		D8A6823C199123FB00BD15D2 /* Base */ = {isa = PBXFileReference; lastKnownFileType = file.storyboard; name = Base; path = Base.lproj/Main.storyboard; sourceTree = "<group>"; };
		D8A6823E199123FB00BD15D2 /* JLViewController.h */ = {isa = PBXFileReference; lastKnownFileType = sourcecode.c.h; path = JLViewController.h; sourceTree = "<group>"; };
		D8A6823F199123FB00BD15D2 /* JLViewController.m */ = {isa = PBXFileReference; lastKnownFileType = sourcecode.c.objc; path = JLViewController.m; sourceTree = "<group>"; };
		D8A68241199123FB00BD15D2 /* Images.xcassets */ = {isa = PBXFileReference; lastKnownFileType = folder.assetcatalog; path = Images.xcassets; sourceTree = "<group>"; };
		D8A68247199123FB00BD15D2 /* SumOfAllNumbersTests.xctest */ = {isa = PBXFileReference; explicitFileType = wrapper.cfbundle; includeInIndex = 0; path = SumOfAllNumbersTests.xctest; sourceTree = BUILT_PRODUCTS_DIR; };
		D8A68248199123FB00BD15D2 /* XCTest.framework */ = {isa = PBXFileReference; lastKnownFileType = wrapper.framework; name = XCTest.framework; path = Library/Frameworks/XCTest.framework; sourceTree = DEVELOPER_DIR; };
		D8A68250199123FB00BD15D2 /* SumOfAllNumbersTests-Info.plist */ = {isa = PBXFileReference; lastKnownFileType = text.plist.xml; path = "SumOfAllNumbersTests-Info.plist"; sourceTree = "<group>"; };
		D8A68252199123FB00BD15D2 /* en */ = {isa = PBXFileReference; lastKnownFileType = text.plist.strings; name = en; path = en.lproj/InfoPlist.strings; sourceTree = "<group>"; };
		D8A68254199123FB00BD15D2 /* SumOfAllNumbersTests.m */ = {isa = PBXFileReference; lastKnownFileType = sourcecode.c.objc; path = SumOfAllNumbersTests.m; sourceTree = "<group>"; };
		D8A6825E1991258000BD15D2 /* summation.png */ = {isa = PBXFileReference; lastKnownFileType = image.png; path = summation.png; sourceTree = "<group>"; };
		D8A6825F1991258000BD15D2 /* factorial.gif */ = {isa = PBXFileReference; lastKnownFileType = image.gif; path = factorial.gif; sourceTree = "<group>"; };
/* End PBXFileReference section */

/* Begin PBXFrameworksBuildPhase section */
		D8A68223199123FB00BD15D2 /* Frameworks */ = {
			isa = PBXFrameworksBuildPhase;
			buildActionMask = 2147483647;
			files = (
				D8A6822C199123FB00BD15D2 /* CoreGraphics.framework in Frameworks */,
				D8A6822E199123FB00BD15D2 /* UIKit.framework in Frameworks */,
				D8A6822A199123FB00BD15D2 /* Foundation.framework in Frameworks */,
			);
			runOnlyForDeploymentPostprocessing = 0;
		};
		D8A68244199123FB00BD15D2 /* Frameworks */ = {
			isa = PBXFrameworksBuildPhase;
			buildActionMask = 2147483647;
			files = (
				D8A68249199123FB00BD15D2 /* XCTest.framework in Frameworks */,
				D8A6824B199123FB00BD15D2 /* UIKit.framework in Frameworks */,
				D8A6824A199123FB00BD15D2 /* Foundation.framework in Frameworks */,
			);
			runOnlyForDeploymentPostprocessing = 0;
		};
/* End PBXFrameworksBuildPhase section */

/* Begin PBXGroup section */
		D8A6821D199123FB00BD15D2 = {
			isa = PBXGroup;
			children = (
				D8A6822F199123FB00BD15D2 /* SumOfAllNumbers */,
				D8A6824E199123FB00BD15D2 /* SumOfAllNumbersTests */,
				D8A68228199123FB00BD15D2 /* Frameworks */,
				D8A68227199123FB00BD15D2 /* Products */,
			);
			sourceTree = "<group>";
		};
		D8A68227199123FB00BD15D2 /* Products */ = {
			isa = PBXGroup;
			children = (
				D8A68226199123FB00BD15D2 /* SumOfAllNumbers.app */,
				D8A68247199123FB00BD15D2 /* SumOfAllNumbersTests.xctest */,
			);
			name = Products;
			sourceTree = "<group>";
		};
		D8A68228199123FB00BD15D2 /* Frameworks */ = {
			isa = PBXGroup;
			children = (
				D8A68229199123FB00BD15D2 /* Foundation.framework */,
				D8A6822B199123FB00BD15D2 /* CoreGraphics.framework */,
				D8A6822D199123FB00BD15D2 /* UIKit.framework */,
				D8A68248199123FB00BD15D2 /* XCTest.framework */,
			);
			name = Frameworks;
			sourceTree = "<group>";
		};
		D8A6822F199123FB00BD15D2 /* SumOfAllNumbers */ = {
			isa = PBXGroup;
			children = (
				D8A68238199123FB00BD15D2 /* JLAppDelegate.h */,
				D8A68239199123FB00BD15D2 /* JLAppDelegate.m */,
				D8A6823B199123FB00BD15D2 /* Main.storyboard */,
				D8A6823E199123FB00BD15D2 /* JLViewController.h */,
				D8A6823F199123FB00BD15D2 /* JLViewController.m */,
				D8A68241199123FB00BD15D2 /* Images.xcassets */,
				D8A68230199123FB00BD15D2 /* Supporting Files */,
			);
			path = SumOfAllNumbers;
			sourceTree = "<group>";
		};
		D8A68230199123FB00BD15D2 /* Supporting Files */ = {
			isa = PBXGroup;
			children = (
				D8A6825E1991258000BD15D2 /* summation.png */,
				D8A6825F1991258000BD15D2 /* factorial.gif */,
				D8A68231199123FB00BD15D2 /* SumOfAllNumbers-Info.plist */,
				D8A68232199123FB00BD15D2 /* InfoPlist.strings */,
				D8A68235199123FB00BD15D2 /* main.m */,
				D8A68237199123FB00BD15D2 /* SumOfAllNumbers-Prefix.pch */,
			);
			name = "Supporting Files";
			sourceTree = "<group>";
		};
		D8A6824E199123FB00BD15D2 /* SumOfAllNumbersTests */ = {
			isa = PBXGroup;
			children = (
				D8A68254199123FB00BD15D2 /* SumOfAllNumbersTests.m */,
				D8A6824F199123FB00BD15D2 /* Supporting Files */,
			);
			path = SumOfAllNumbersTests;
			sourceTree = "<group>";
		};
		D8A6824F199123FB00BD15D2 /* Supporting Files */ = {
			isa = PBXGroup;
			children = (
				D8A68250199123FB00BD15D2 /* SumOfAllNumbersTests-Info.plist */,
				D8A68251199123FB00BD15D2 /* InfoPlist.strings */,
			);
			name = "Supporting Files";
			sourceTree = "<group>";
		};
/* End PBXGroup section */

/* Begin PBXNativeTarget section */
		D8A68225199123FB00BD15D2 /* SumOfAllNumbers */ = {
			isa = PBXNativeTarget;
			buildConfigurationList = D8A68258199123FB00BD15D2 /* Build configuration list for PBXNativeTarget "SumOfAllNumbers" */;
			buildPhases = (
				D8A68222199123FB00BD15D2 /* Sources */,
				D8A68223199123FB00BD15D2 /* Frameworks */,
				D8A68224199123FB00BD15D2 /* Resources */,
			);
			buildRules = (
			);
			dependencies = (
			);
			name = SumOfAllNumbers;
			productName = SumOfAllNumbers;
			productReference = D8A68226199123FB00BD15D2 /* SumOfAllNumbers.app */;
			productType = "com.apple.product-type.application";
		};
		D8A68246199123FB00BD15D2 /* SumOfAllNumbersTests */ = {
			isa = PBXNativeTarget;
			buildConfigurationList = D8A6825B199123FB00BD15D2 /* Build configuration list for PBXNativeTarget "SumOfAllNumbersTests" */;
			buildPhases = (
				D8A68243199123FB00BD15D2 /* Sources */,
				D8A68244199123FB00BD15D2 /* Frameworks */,
				D8A68245199123FB00BD15D2 /* Resources */,
			);
			buildRules = (
			);
			dependencies = (
				D8A6824D199123FB00BD15D2 /* PBXTargetDependency */,
			);
			name = SumOfAllNumbersTests;
			productName = SumOfAllNumbersTests;
			productReference = D8A68247199123FB00BD15D2 /* SumOfAllNumbersTests.xctest */;
			productType = "com.apple.product-type.bundle.unit-test";
		};
/* End PBXNativeTarget section */

/* Begin PBXProject section */
		D8A6821E199123FB00BD15D2 /* Project object */ = {
			isa = PBXProject;
			attributes = {
				CLASSPREFIX = JL;
				LastUpgradeCheck = 0510;
				TargetAttributes = {
					D8A68246199123FB00BD15D2 = {
						TestTargetID = D8A68225199123FB00BD15D2;
					};
				};
			};
			buildConfigurationList = D8A68221199123FB00BD15D2 /* Build configuration list for PBXProject "SumOfAllNumbers" */;
			compatibilityVersion = "Xcode 3.2";
			developmentRegion = English;
			hasScannedForEncodings = 0;
			knownRegions = (
				en,
				Base,
			);
			mainGroup = D8A6821D199123FB00BD15D2;
			productRefGroup = D8A68227199123FB00BD15D2 /* Products */;
			projectDirPath = "";
			projectRoot = "";
			targets = (
				D8A68225199123FB00BD15D2 /* SumOfAllNumbers */,
				D8A68246199123FB00BD15D2 /* SumOfAllNumbersTests */,
			);
		};
/* End PBXProject section */

/* Begin PBXResourcesBuildPhase section */
		D8A68224199123FB00BD15D2 /* Resources */ = {
			isa = PBXResourcesBuildPhase;
			buildActionMask = 2147483647;
			files = (
				D8A68242199123FB00BD15D2 /* Images.xcassets in Resources */,
				D8A682601991258000BD15D2 /* summation.png in Resources */,
				D8A68234199123FB00BD15D2 /* InfoPlist.strings in Resources */,
				D8A6823D199123FB00BD15D2 /* Main.storyboard in Resources */,
				D8A682611991258000BD15D2 /* factorial.gif in Resources */,
			);
			runOnlyForDeploymentPostprocessing = 0;
		};
		D8A68245199123FB00BD15D2 /* Resources */ = {
			isa = PBXResourcesBuildPhase;
			buildActionMask = 2147483647;
			files = (
				D8A68253199123FB00BD15D2 /* InfoPlist.strings in Resources */,
			);
			runOnlyForDeploymentPostprocessing = 0;
		};
/* End PBXResourcesBuildPhase section */

/* Begin PBXSourcesBuildPhase section */
		D8A68222199123FB00BD15D2 /* Sources */ = {
			isa = PBXSourcesBuildPhase;
			buildActionMask = 2147483647;
			files = (
				D8A6823A199123FB00BD15D2 /* JLAppDelegate.m in Sources */,
				D8A68240199123FB00BD15D2 /* JLViewController.m in Sources */,
				D8A68236199123FB00BD15D2 /* main.m in Sources */,
			);
			runOnlyForDeploymentPostprocessing = 0;
		};
		D8A68243199123FB00BD15D2 /* Sources */ = {
			isa = PBXSourcesBuildPhase;
			buildActionMask = 2147483647;
			files = (
				D8A68255199123FB00BD15D2 /* SumOfAllNumbersTests.m in Sources */,
			);
			runOnlyForDeploymentPostprocessing = 0;
		};
/* End PBXSourcesBuildPhase section */

/* Begin PBXTargetDependency section */
		D8A6824D199123FB00BD15D2 /* PBXTargetDependency */ = {
			isa = PBXTargetDependency;
			target = D8A68225199123FB00BD15D2 /* SumOfAllNumbers */;
			targetProxy = D8A6824C199123FB00BD15D2 /* PBXContainerItemProxy */;
		};
/* End PBXTargetDependency section */

/* Begin PBXVariantGroup section */
		D8A68232199123FB00BD15D2 /* InfoPlist.strings */ = {
			isa = PBXVariantGroup;
			children = (
				D8A68233199123FB00BD15D2 /* en */,
			);
			name = InfoPlist.strings;
			sourceTree = "<group>";
		};
		D8A6823B199123FB00BD15D2 /* Main.storyboard */ = {
			isa = PBXVariantGroup;
			children = (
				D8A6823C199123FB00BD15D2 /* Base */,
			);
			name = Main.storyboard;
			sourceTree = "<group>";
		};
		D8A68251199123FB00BD15D2 /* InfoPlist.strings */ = {
			isa = PBXVariantGroup;
			children = (
				D8A68252199123FB00BD15D2 /* en */,
			);
			name = InfoPlist.strings;
			sourceTree = "<group>";
		};
/* End PBXVariantGroup section */

/* Begin XCBuildConfiguration section */
		D8A68256199123FB00BD15D2 /* Debug */ = {
			isa = XCBuildConfiguration;
			buildSettings = {
				ALWAYS_SEARCH_USER_PATHS = NO;
				CLANG_CXX_LANGUAGE_STANDARD = "gnu++0x";
				CLANG_CXX_LIBRARY = "libc++";
				CLANG_ENABLE_MODULES = YES;
				CLANG_ENABLE_OBJC_ARC = YES;
				CLANG_WARN_BOOL_CONVERSION = YES;
				CLANG_WARN_CONSTANT_CONVERSION = YES;
				CLANG_WARN_DIRECT_OBJC_ISA_USAGE = YES_ERROR;
				CLANG_WARN_EMPTY_BODY = YES;
				CLANG_WARN_ENUM_CONVERSION = YES;
				CLANG_WARN_INT_CONVERSION = YES;
				CLANG_WARN_OBJC_ROOT_CLASS = YES_ERROR;
				CLANG_WARN__DUPLICATE_METHOD_MATCH = YES;
				"CODE_SIGN_IDENTITY[sdk=iphoneos*]" = "iPhone Developer";
				COPY_PHASE_STRIP = NO;
				GCC_C_LANGUAGE_STANDARD = gnu99;
				GCC_DYNAMIC_NO_PIC = NO;
				GCC_OPTIMIZATION_LEVEL = 0;
				GCC_PREPROCESSOR_DEFINITIONS = (
					"DEBUG=1",
					"$(inherited)",
				);
				GCC_SYMBOLS_PRIVATE_EXTERN = NO;
				GCC_WARN_64_TO_32_BIT_CONVERSION = YES;
				GCC_WARN_ABOUT_RETURN_TYPE = YES_ERROR;
				GCC_WARN_UNDECLARED_SELECTOR = YES;
				GCC_WARN_UNINITIALIZED_AUTOS = YES_AGGRESSIVE;
				GCC_WARN_UNUSED_FUNCTION = YES;
				GCC_WARN_UNUSED_VARIABLE = YES;
				IPHONEOS_DEPLOYMENT_TARGET = 7.1;
				ONLY_ACTIVE_ARCH = YES;
				SDKROOT = iphoneos;
			};
			name = Debug;
		};
		D8A68257199123FB00BD15D2 /* Release */ = {
			isa = XCBuildConfiguration;
			buildSettings = {
				ALWAYS_SEARCH_USER_PATHS = NO;
				CLANG_CXX_LANGUAGE_STANDARD = "gnu++0x";
				CLANG_CXX_LIBRARY = "libc++";
				CLANG_ENABLE_MODULES = YES;
				CLANG_ENABLE_OBJC_ARC = YES;
				CLANG_WARN_BOOL_CONVERSION = YES;
				CLANG_WARN_CONSTANT_CONVERSION = YES;
				CLANG_WARN_DIRECT_OBJC_ISA_USAGE = YES_ERROR;
				CLANG_WARN_EMPTY_BODY = YES;
				CLANG_WARN_ENUM_CONVERSION = YES;
				CLANG_WARN_INT_CONVERSION = YES;
				CLANG_WARN_OBJC_ROOT_CLASS = YES_ERROR;
				CLANG_WARN__DUPLICATE_METHOD_MATCH = YES;
				"CODE_SIGN_IDENTITY[sdk=iphoneos*]" = "iPhone Developer";
				COPY_PHASE_STRIP = YES;
				ENABLE_NS_ASSERTIONS = NO;
				GCC_C_LANGUAGE_STANDARD = gnu99;
				GCC_WARN_64_TO_32_BIT_CONVERSION = YES;
				GCC_WARN_ABOUT_RETURN_TYPE = YES_ERROR;
				GCC_WARN_UNDECLARED_SELECTOR = YES;
				GCC_WARN_UNINITIALIZED_AUTOS = YES_AGGRESSIVE;
				GCC_WARN_UNUSED_FUNCTION = YES;
				GCC_WARN_UNUSED_VARIABLE = YES;
				IPHONEOS_DEPLOYMENT_TARGET = 7.1;
				SDKROOT = iphoneos;
				VALIDATE_PRODUCT = YES;
			};
			name = Release;
		};
		D8A68259199123FB00BD15D2 /* Debug */ = {
			isa = XCBuildConfiguration;
			buildSettings = {
				ASSETCATALOG_COMPILER_APPICON_NAME = AppIcon;
				ASSETCATALOG_COMPILER_LAUNCHIMAGE_NAME = LaunchImage;
				GCC_PRECOMPILE_PREFIX_HEADER = YES;
				GCC_PREFIX_HEADER = "SumOfAllNumbers/SumOfAllNumbers-Prefix.pch";
				INFOPLIST_FILE = "SumOfAllNumbers/SumOfAllNumbers-Info.plist";
				PRODUCT_NAME = "$(TARGET_NAME)";
				WRAPPER_EXTENSION = app;
			};
			name = Debug;
		};
		D8A6825A199123FB00BD15D2 /* Release */ = {
			isa = XCBuildConfiguration;
			buildSettings = {
				ASSETCATALOG_COMPILER_APPICON_NAME = AppIcon;
				ASSETCATALOG_COMPILER_LAUNCHIMAGE_NAME = LaunchImage;
				GCC_PRECOMPILE_PREFIX_HEADER = YES;
				GCC_PREFIX_HEADER = "SumOfAllNumbers/SumOfAllNumbers-Prefix.pch";
				INFOPLIST_FILE = "SumOfAllNumbers/SumOfAllNumbers-Info.plist";
				PRODUCT_NAME = "$(TARGET_NAME)";
				WRAPPER_EXTENSION = app;
			};
			name = Release;
		};
		D8A6825C199123FB00BD15D2 /* Debug */ = {
			isa = XCBuildConfiguration;
			buildSettings = {
				BUNDLE_LOADER = "$(BUILT_PRODUCTS_DIR)/SumOfAllNumbers.app/SumOfAllNumbers";
				FRAMEWORK_SEARCH_PATHS = (
					"$(SDKROOT)/Developer/Library/Frameworks",
					"$(inherited)",
					"$(DEVELOPER_FRAMEWORKS_DIR)",
				);
				GCC_PRECOMPILE_PREFIX_HEADER = YES;
				GCC_PREFIX_HEADER = "SumOfAllNumbers/SumOfAllNumbers-Prefix.pch";
				GCC_PREPROCESSOR_DEFINITIONS = (
					"DEBUG=1",
					"$(inherited)",
				);
				INFOPLIST_FILE = "SumOfAllNumbersTests/SumOfAllNumbersTests-Info.plist";
				PRODUCT_NAME = "$(TARGET_NAME)";
				TEST_HOST = "$(BUNDLE_LOADER)";
				WRAPPER_EXTENSION = xctest;
			};
			name = Debug;
		};
		D8A6825D199123FB00BD15D2 /* Release */ = {
			isa = XCBuildConfiguration;
			buildSettings = {
				BUNDLE_LOADER = "$(BUILT_PRODUCTS_DIR)/SumOfAllNumbers.app/SumOfAllNumbers";
				FRAMEWORK_SEARCH_PATHS = (
					"$(SDKROOT)/Developer/Library/Frameworks",
					"$(inherited)",
					"$(DEVELOPER_FRAMEWORKS_DIR)",
				);
				GCC_PRECOMPILE_PREFIX_HEADER = YES;
				GCC_PREFIX_HEADER = "SumOfAllNumbers/SumOfAllNumbers-Prefix.pch";
				INFOPLIST_FILE = "SumOfAllNumbersTests/SumOfAllNumbersTests-Info.plist";
				PRODUCT_NAME = "$(TARGET_NAME)";
				TEST_HOST = "$(BUNDLE_LOADER)";
				WRAPPER_EXTENSION = xctest;
			};
			name = Release;
		};
/* End XCBuildConfiguration section */

/* Begin XCConfigurationList section */
		D8A68221199123FB00BD15D2 /* Build configuration list for PBXProject "SumOfAllNumbers" */ = {
			isa = XCConfigurationList;
			buildConfigurations = (
				D8A68256199123FB00BD15D2 /* Debug */,
				D8A68257199123FB00BD15D2 /* Release */,
			);
			defaultConfigurationIsVisible = 0;
			defaultConfigurationName = Release;
		};
		D8A68258199123FB00BD15D2 /* Build configuration list for PBXNativeTarget "SumOfAllNumbers" */ = {
			isa = XCConfigurationList;
			buildConfigurations = (
				D8A68259199123FB00BD15D2 /* Debug */,
				D8A6825A199123FB00BD15D2 /* Release */,
			);
			defaultConfigurationIsVisible = 0;
		};
		D8A6825B199123FB00BD15D2 /* Build configuration list for PBXNativeTarget "SumOfAllNumbersTests" */ = {
			isa = XCConfigurationList;
			buildConfigurations = (
				D8A6825C199123FB00BD15D2 /* Debug */,
				D8A6825D199123FB00BD15D2 /* Release */,
			);
			defaultConfigurationIsVisible = 0;
		};
/* End XCConfigurationList section */
	};
	rootObject = D8A6821E199123FB00BD15D2 /* Project object */;
}
