// !$*UTF8*$!
{
	archiveVersion = 1;
	classes = {
	};
	objectVersion = 46;
	objects = {

/* Begin PBXBuildFile section */
		D8F0270119A65C7F00CFC6F0 /* Foundation.framework in Frameworks */ = {isa = PBXBuildFile; fileRef = D8F0270019A65C7F00CFC6F0 /* Foundation.framework */; };
		D8F0270319A65C7F00CFC6F0 /* CoreGraphics.framework in Frameworks */ = {isa = PBXBuildFile; fileRef = D8F0270219A65C7F00CFC6F0 /* CoreGraphics.framework */; };
		D8F0270519A65C7F00CFC6F0 /* UIKit.framework in Frameworks */ = {isa = PBXBuildFile; fileRef = D8F0270419A65C7F00CFC6F0 /* UIKit.framework */; };
		D8F0270B19A65C7F00CFC6F0 /* InfoPlist.strings in Resources */ = {isa = PBXBuildFile; fileRef = D8F0270919A65C7F00CFC6F0 /* InfoPlist.strings */; };
		D8F0270D19A65C7F00CFC6F0 /* main.m in Sources */ = {isa = PBXBuildFile; fileRef = D8F0270C19A65C7F00CFC6F0 /* main.m */; };
		D8F0271119A65C7F00CFC6F0 /* JLAppDelegate.m in Sources */ = {isa = PBXBuildFile; fileRef = D8F0271019A65C7F00CFC6F0 /* JLAppDelegate.m */; };
		D8F0271419A65C7F00CFC6F0 /* Main.storyboard in Resources */ = {isa = PBXBuildFile; fileRef = D8F0271219A65C7F00CFC6F0 /* Main.storyboard */; };
		D8F0271919A65C7F00CFC6F0 /* Images.xcassets in Resources */ = {isa = PBXBuildFile; fileRef = D8F0271819A65C7F00CFC6F0 /* Images.xcassets */; };
		D8F0272019A65C7F00CFC6F0 /* XCTest.framework in Frameworks */ = {isa = PBXBuildFile; fileRef = D8F0271F19A65C7F00CFC6F0 /* XCTest.framework */; };
		D8F0272119A65C7F00CFC6F0 /* Foundation.framework in Frameworks */ = {isa = PBXBuildFile; fileRef = D8F0270019A65C7F00CFC6F0 /* Foundation.framework */; };
		D8F0272219A65C7F00CFC6F0 /* UIKit.framework in Frameworks */ = {isa = PBXBuildFile; fileRef = D8F0270419A65C7F00CFC6F0 /* UIKit.framework */; };
		D8F0272A19A65C7F00CFC6F0 /* InfoPlist.strings in Resources */ = {isa = PBXBuildFile; fileRef = D8F0272819A65C7F00CFC6F0 /* InfoPlist.strings */; };
		D8F0272C19A65C7F00CFC6F0 /* UITableViewController_Challenge_SolutionTests.m in Sources */ = {isa = PBXBuildFile; fileRef = D8F0272B19A65C7F00CFC6F0 /* UITableViewController_Challenge_SolutionTests.m */; };
		D8F0273719A65CF400CFC6F0 /* JLTableViewController.m in Sources */ = {isa = PBXBuildFile; fileRef = D8F0273619A65CF400CFC6F0 /* JLTableViewController.m */; };
/* End PBXBuildFile section */

/* Begin PBXContainerItemProxy section */
		D8F0272319A65C7F00CFC6F0 /* PBXContainerItemProxy */ = {
			isa = PBXContainerItemProxy;
			containerPortal = D8F026F519A65C7F00CFC6F0 /* Project object */;
			proxyType = 1;
			remoteGlobalIDString = D8F026FC19A65C7F00CFC6F0;
			remoteInfo = "UITableViewController Challenge Solution";
		};
/* End PBXContainerItemProxy section */

/* Begin PBXFileReference section */
		D8F026FD19A65C7F00CFC6F0 /* UITableViewController Challenge Solution.app */ = {isa = PBXFileReference; explicitFileType = wrapper.application; includeInIndex = 0; path = "UITableViewController Challenge Solution.app"; sourceTree = BUILT_PRODUCTS_DIR; };
		D8F0270019A65C7F00CFC6F0 /* Foundation.framework */ = {isa = PBXFileReference; lastKnownFileType = wrapper.framework; name = Foundation.framework; path = System/Library/Frameworks/Foundation.framework; sourceTree = SDKROOT; };
		D8F0270219A65C7F00CFC6F0 /* CoreGraphics.framework */ = {isa = PBXFileReference; lastKnownFileType = wrapper.framework; name = CoreGraphics.framework; path = System/Library/Frameworks/CoreGraphics.framework; sourceTree = SDKROOT; };
		D8F0270419A65C7F00CFC6F0 /* UIKit.framework */ = {isa = PBXFileReference; lastKnownFileType = wrapper.framework; name = UIKit.framework; path = System/Library/Frameworks/UIKit.framework; sourceTree = SDKROOT; };
		D8F0270819A65C7F00CFC6F0 /* UITableViewController Challenge Solution-Info.plist */ = {isa = PBXFileReference; lastKnownFileType = text.plist.xml; path = "UITableViewController Challenge Solution-Info.plist"; sourceTree = "<group>"; };
		D8F0270A19A65C7F00CFC6F0 /* en */ = {isa = PBXFileReference; lastKnownFileType = text.plist.strings; name = en; path = en.lproj/InfoPlist.strings; sourceTree = "<group>"; };
		D8F0270C19A65C7F00CFC6F0 /* main.m */ = {isa = PBXFileReference; lastKnownFileType = sourcecode.c.objc; path = main.m; sourceTree = "<group>"; };
		D8F0270E19A65C7F00CFC6F0 /* UITableViewController Challenge Solution-Prefix.pch */ = {isa = PBXFileReference; lastKnownFileType = sourcecode.c.h; path = "UITableViewController Challenge Solution-Prefix.pch"; sourceTree = "<group>"; };
		D8F0270F19A65C7F00CFC6F0 /* JLAppDelegate.h */ = {isa = PBXFileReference; lastKnownFileType = sourcecode.c.h; path = JLAppDelegate.h; sourceTree = "<group>"; };
		D8F0271019A65C7F00CFC6F0 /* JLAppDelegate.m */ = {isa = PBXFileReference; lastKnownFileType = sourcecode.c.objc; path = JLAppDelegate.m; sourceTree = "<group>"; };
		D8F0271319A65C7F00CFC6F0 /* Base */ = {isa = PBXFileReference; lastKnownFileType = file.storyboard; name = Base; path = Base.lproj/Main.storyboard; sourceTree = "<group>"; };
		D8F0271819A65C7F00CFC6F0 /* Images.xcassets */ = {isa = PBXFileReference; lastKnownFileType = folder.assetcatalog; path = Images.xcassets; sourceTree = "<group>"; };
		D8F0271E19A65C7F00CFC6F0 /* UITableViewController Challenge SolutionTests.xctest */ = {isa = PBXFileReference; explicitFileType = wrapper.cfbundle; includeInIndex = 0; path = "UITableViewController Challenge SolutionTests.xctest"; sourceTree = BUILT_PRODUCTS_DIR; };
		D8F0271F19A65C7F00CFC6F0 /* XCTest.framework */ = {isa = PBXFileReference; lastKnownFileType = wrapper.framework; name = XCTest.framework; path = Library/Frameworks/XCTest.framework; sourceTree = DEVELOPER_DIR; };
		D8F0272719A65C7F00CFC6F0 /* UITableViewController Challenge SolutionTests-Info.plist */ = {isa = PBXFileReference; lastKnownFileType = text.plist.xml; path = "UITableViewController Challenge SolutionTests-Info.plist"; sourceTree = "<group>"; };
		D8F0272919A65C7F00CFC6F0 /* en */ = {isa = PBXFileReference; lastKnownFileType = text.plist.strings; name = en; path = en.lproj/InfoPlist.strings; sourceTree = "<group>"; };
		D8F0272B19A65C7F00CFC6F0 /* UITableViewController_Challenge_SolutionTests.m */ = {isa = PBXFileReference; lastKnownFileType = sourcecode.c.objc; path = UITableViewController_Challenge_SolutionTests.m; sourceTree = "<group>"; };
		D8F0273519A65CF400CFC6F0 /* JLTableViewController.h */ = {isa = PBXFileReference; fileEncoding = 4; lastKnownFileType = sourcecode.c.h; path = JLTableViewController.h; sourceTree = "<group>"; };
		D8F0273619A65CF400CFC6F0 /* JLTableViewController.m */ = {isa = PBXFileReference; fileEncoding = 4; lastKnownFileType = sourcecode.c.objc; path = JLTableViewController.m; sourceTree = "<group>"; };
/* End PBXFileReference section */

/* Begin PBXFrameworksBuildPhase section */
		D8F026FA19A65C7F00CFC6F0 /* Frameworks */ = {
			isa = PBXFrameworksBuildPhase;
			buildActionMask = 2147483647;
			files = (
				D8F0270319A65C7F00CFC6F0 /* CoreGraphics.framework in Frameworks */,
				D8F0270519A65C7F00CFC6F0 /* UIKit.framework in Frameworks */,
				D8F0270119A65C7F00CFC6F0 /* Foundation.framework in Frameworks */,
			);
			runOnlyForDeploymentPostprocessing = 0;
		};
		D8F0271B19A65C7F00CFC6F0 /* Frameworks */ = {
			isa = PBXFrameworksBuildPhase;
			buildActionMask = 2147483647;
			files = (
				D8F0272019A65C7F00CFC6F0 /* XCTest.framework in Frameworks */,
				D8F0272219A65C7F00CFC6F0 /* UIKit.framework in Frameworks */,
				D8F0272119A65C7F00CFC6F0 /* Foundation.framework in Frameworks */,
			);
			runOnlyForDeploymentPostprocessing = 0;
		};
/* End PBXFrameworksBuildPhase section */

/* Begin PBXGroup section */
		D8F026F419A65C7F00CFC6F0 = {
			isa = PBXGroup;
			children = (
				D8F0270619A65C7F00CFC6F0 /* UITableViewController Challenge Solution */,
				D8F0272519A65C7F00CFC6F0 /* UITableViewController Challenge SolutionTests */,
				D8F026FF19A65C7F00CFC6F0 /* Frameworks */,
				D8F026FE19A65C7F00CFC6F0 /* Products */,
			);
			sourceTree = "<group>";
		};
		D8F026FE19A65C7F00CFC6F0 /* Products */ = {
			isa = PBXGroup;
			children = (
				D8F026FD19A65C7F00CFC6F0 /* UITableViewController Challenge Solution.app */,
				D8F0271E19A65C7F00CFC6F0 /* UITableViewController Challenge SolutionTests.xctest */,
			);
			name = Products;
			sourceTree = "<group>";
		};
		D8F026FF19A65C7F00CFC6F0 /* Frameworks */ = {
			isa = PBXGroup;
			children = (
				D8F0270019A65C7F00CFC6F0 /* Foundation.framework */,
				D8F0270219A65C7F00CFC6F0 /* CoreGraphics.framework */,
				D8F0270419A65C7F00CFC6F0 /* UIKit.framework */,
				D8F0271F19A65C7F00CFC6F0 /* XCTest.framework */,
			);
			name = Frameworks;
			sourceTree = "<group>";
		};
		D8F0270619A65C7F00CFC6F0 /* UITableViewController Challenge Solution */ = {
			isa = PBXGroup;
			children = (
				D8F0270F19A65C7F00CFC6F0 /* JLAppDelegate.h */,
				D8F0271019A65C7F00CFC6F0 /* JLAppDelegate.m */,
				D8F0271219A65C7F00CFC6F0 /* Main.storyboard */,
				D8F0273519A65CF400CFC6F0 /* JLTableViewController.h */,
				D8F0273619A65CF400CFC6F0 /* JLTableViewController.m */,
				D8F0271819A65C7F00CFC6F0 /* Images.xcassets */,
				D8F0270719A65C7F00CFC6F0 /* Supporting Files */,
			);
			path = "UITableViewController Challenge Solution";
			sourceTree = "<group>";
		};
		D8F0270719A65C7F00CFC6F0 /* Supporting Files */ = {
			isa = PBXGroup;
			children = (
				D8F0270819A65C7F00CFC6F0 /* UITableViewController Challenge Solution-Info.plist */,
				D8F0270919A65C7F00CFC6F0 /* InfoPlist.strings */,
				D8F0270C19A65C7F00CFC6F0 /* main.m */,
				D8F0270E19A65C7F00CFC6F0 /* UITableViewController Challenge Solution-Prefix.pch */,
			);
			name = "Supporting Files";
			sourceTree = "<group>";
		};
		D8F0272519A65C7F00CFC6F0 /* UITableViewController Challenge SolutionTests */ = {
			isa = PBXGroup;
			children = (
				D8F0272B19A65C7F00CFC6F0 /* UITableViewController_Challenge_SolutionTests.m */,
				D8F0272619A65C7F00CFC6F0 /* Supporting Files */,
			);
			path = "UITableViewController Challenge SolutionTests";
			sourceTree = "<group>";
		};
		D8F0272619A65C7F00CFC6F0 /* Supporting Files */ = {
			isa = PBXGroup;
			children = (
				D8F0272719A65C7F00CFC6F0 /* UITableViewController Challenge SolutionTests-Info.plist */,
				D8F0272819A65C7F00CFC6F0 /* InfoPlist.strings */,
			);
			name = "Supporting Files";
			sourceTree = "<group>";
		};
/* End PBXGroup section */

/* Begin PBXNativeTarget section */
		D8F026FC19A65C7F00CFC6F0 /* UITableViewController Challenge Solution */ = {
			isa = PBXNativeTarget;
			buildConfigurationList = D8F0272F19A65C7F00CFC6F0 /* Build configuration list for PBXNativeTarget "UITableViewController Challenge Solution" */;
			buildPhases = (
				D8F026F919A65C7F00CFC6F0 /* Sources */,
				D8F026FA19A65C7F00CFC6F0 /* Frameworks */,
				D8F026FB19A65C7F00CFC6F0 /* Resources */,
			);
			buildRules = (
			);
			dependencies = (
			);
			name = "UITableViewController Challenge Solution";
			productName = "UITableViewController Challenge Solution";
			productReference = D8F026FD19A65C7F00CFC6F0 /* UITableViewController Challenge Solution.app */;
			productType = "com.apple.product-type.application";
		};
		D8F0271D19A65C7F00CFC6F0 /* UITableViewController Challenge SolutionTests */ = {
			isa = PBXNativeTarget;
			buildConfigurationList = D8F0273219A65C7F00CFC6F0 /* Build configuration list for PBXNativeTarget "UITableViewController Challenge SolutionTests" */;
			buildPhases = (
				D8F0271A19A65C7F00CFC6F0 /* Sources */,
				D8F0271B19A65C7F00CFC6F0 /* Frameworks */,
				D8F0271C19A65C7F00CFC6F0 /* Resources */,
			);
			buildRules = (
			);
			dependencies = (
				D8F0272419A65C7F00CFC6F0 /* PBXTargetDependency */,
			);
			name = "UITableViewController Challenge SolutionTests";
			productName = "UITableViewController Challenge SolutionTests";
			productReference = D8F0271E19A65C7F00CFC6F0 /* UITableViewController Challenge SolutionTests.xctest */;
			productType = "com.apple.product-type.bundle.unit-test";
		};
/* End PBXNativeTarget section */

/* Begin PBXProject section */
		D8F026F519A65C7F00CFC6F0 /* Project object */ = {
			isa = PBXProject;
			attributes = {
				CLASSPREFIX = JL;
				LastUpgradeCheck = 0510;
				TargetAttributes = {
					D8F0271D19A65C7F00CFC6F0 = {
						TestTargetID = D8F026FC19A65C7F00CFC6F0;
					};
				};
			};
			buildConfigurationList = D8F026F819A65C7F00CFC6F0 /* Build configuration list for PBXProject "UITableViewController Challenge Solution" */;
			compatibilityVersion = "Xcode 3.2";
			developmentRegion = English;
			hasScannedForEncodings = 0;
			knownRegions = (
				en,
				Base,
			);
			mainGroup = D8F026F419A65C7F00CFC6F0;
			productRefGroup = D8F026FE19A65C7F00CFC6F0 /* Products */;
			projectDirPath = "";
			projectRoot = "";
			targets = (
				D8F026FC19A65C7F00CFC6F0 /* UITableViewController Challenge Solution */,
				D8F0271D19A65C7F00CFC6F0 /* UITableViewController Challenge SolutionTests */,
			);
		};
/* End PBXProject section */

/* Begin PBXResourcesBuildPhase section */
		D8F026FB19A65C7F00CFC6F0 /* Resources */ = {
			isa = PBXResourcesBuildPhase;
			buildActionMask = 2147483647;
			files = (
				D8F0271919A65C7F00CFC6F0 /* Images.xcassets in Resources */,
				D8F0270B19A65C7F00CFC6F0 /* InfoPlist.strings in Resources */,
				D8F0271419A65C7F00CFC6F0 /* Main.storyboard in Resources */,
			);
			runOnlyForDeploymentPostprocessing = 0;
		};
		D8F0271C19A65C7F00CFC6F0 /* Resources */ = {
			isa = PBXResourcesBuildPhase;
			buildActionMask = 2147483647;
			files = (
				D8F0272A19A65C7F00CFC6F0 /* InfoPlist.strings in Resources */,
			);
			runOnlyForDeploymentPostprocessing = 0;
		};
/* End PBXResourcesBuildPhase section */

/* Begin PBXSourcesBuildPhase section */
		D8F026F919A65C7F00CFC6F0 /* Sources */ = {
			isa = PBXSourcesBuildPhase;
			buildActionMask = 2147483647;
			files = (
				D8F0273719A65CF400CFC6F0 /* JLTableViewController.m in Sources */,
				D8F0271119A65C7F00CFC6F0 /* JLAppDelegate.m in Sources */,
				D8F0270D19A65C7F00CFC6F0 /* main.m in Sources */,
			);
			runOnlyForDeploymentPostprocessing = 0;
		};
		D8F0271A19A65C7F00CFC6F0 /* Sources */ = {
			isa = PBXSourcesBuildPhase;
			buildActionMask = 2147483647;
			files = (
				D8F0272C19A65C7F00CFC6F0 /* UITableViewController_Challenge_SolutionTests.m in Sources */,
			);
			runOnlyForDeploymentPostprocessing = 0;
		};
/* End PBXSourcesBuildPhase section */

/* Begin PBXTargetDependency section */
		D8F0272419A65C7F00CFC6F0 /* PBXTargetDependency */ = {
			isa = PBXTargetDependency;
			target = D8F026FC19A65C7F00CFC6F0 /* UITableViewController Challenge Solution */;
			targetProxy = D8F0272319A65C7F00CFC6F0 /* PBXContainerItemProxy */;
		};
/* End PBXTargetDependency section */

/* Begin PBXVariantGroup section */
		D8F0270919A65C7F00CFC6F0 /* InfoPlist.strings */ = {
			isa = PBXVariantGroup;
			children = (
				D8F0270A19A65C7F00CFC6F0 /* en */,
			);
			name = InfoPlist.strings;
			sourceTree = "<group>";
		};
		D8F0271219A65C7F00CFC6F0 /* Main.storyboard */ = {
			isa = PBXVariantGroup;
			children = (
				D8F0271319A65C7F00CFC6F0 /* Base */,
			);
			name = Main.storyboard;
			sourceTree = "<group>";
		};
		D8F0272819A65C7F00CFC6F0 /* InfoPlist.strings */ = {
			isa = PBXVariantGroup;
			children = (
				D8F0272919A65C7F00CFC6F0 /* en */,
			);
			name = InfoPlist.strings;
			sourceTree = "<group>";
		};
/* End PBXVariantGroup section */

/* Begin XCBuildConfiguration section */
		D8F0272D19A65C7F00CFC6F0 /* Debug */ = {
			isa = XCBuildConfiguration;
			buildSettings = {
				ALWAYS_SEARCH_USER_PATHS = NO;
				CLANG_CXX_LANGUAGE_STANDARD = "gnu++0x";
				CLANG_CXX_LIBRARY = "libc++";
				CLANG_ENABLE_MODULES = YES;
				CLANG_ENABLE_OBJC_ARC = YES;
				CLANG_WARN_BOOL_CONVERSION = YES;
				CLANG_WARN_CONSTANT_CONVERSION = YES;
				CLANG_WARN_DIRECT_OBJC_ISA_USAGE = YES_ERROR;
				CLANG_WARN_EMPTY_BODY = YES;
				CLANG_WARN_ENUM_CONVERSION = YES;
				CLANG_WARN_INT_CONVERSION = YES;
				CLANG_WARN_OBJC_ROOT_CLASS = YES_ERROR;
				CLANG_WARN__DUPLICATE_METHOD_MATCH = YES;
				"CODE_SIGN_IDENTITY[sdk=iphoneos*]" = "iPhone Developer";
				COPY_PHASE_STRIP = NO;
				GCC_C_LANGUAGE_STANDARD = gnu99;
				GCC_DYNAMIC_NO_PIC = NO;
				GCC_OPTIMIZATION_LEVEL = 0;
				GCC_PREPROCESSOR_DEFINITIONS = (
					"DEBUG=1",
					"$(inherited)",
				);
				GCC_SYMBOLS_PRIVATE_EXTERN = NO;
				GCC_WARN_64_TO_32_BIT_CONVERSION = YES;
				GCC_WARN_ABOUT_RETURN_TYPE = YES_ERROR;
				GCC_WARN_UNDECLARED_SELECTOR = YES;
				GCC_WARN_UNINITIALIZED_AUTOS = YES_AGGRESSIVE;
				GCC_WARN_UNUSED_FUNCTION = YES;
				GCC_WARN_UNUSED_VARIABLE = YES;
				IPHONEOS_DEPLOYMENT_TARGET = 7.1;
				ONLY_ACTIVE_ARCH = YES;
				SDKROOT = iphoneos;
			};
			name = Debug;
		};
		D8F0272E19A65C7F00CFC6F0 /* Release */ = {
			isa = XCBuildConfiguration;
			buildSettings = {
				ALWAYS_SEARCH_USER_PATHS = NO;
				CLANG_CXX_LANGUAGE_STANDARD = "gnu++0x";
				CLANG_CXX_LIBRARY = "libc++";
				CLANG_ENABLE_MODULES = YES;
				CLANG_ENABLE_OBJC_ARC = YES;
				CLANG_WARN_BOOL_CONVERSION = YES;
				CLANG_WARN_CONSTANT_CONVERSION = YES;
				CLANG_WARN_DIRECT_OBJC_ISA_USAGE = YES_ERROR;
				CLANG_WARN_EMPTY_BODY = YES;
				CLANG_WARN_ENUM_CONVERSION = YES;
				CLANG_WARN_INT_CONVERSION = YES;
				CLANG_WARN_OBJC_ROOT_CLASS = YES_ERROR;
				CLANG_WARN__DUPLICATE_METHOD_MATCH = YES;
				"CODE_SIGN_IDENTITY[sdk=iphoneos*]" = "iPhone Developer";
				COPY_PHASE_STRIP = YES;
				ENABLE_NS_ASSERTIONS = NO;
				GCC_C_LANGUAGE_STANDARD = gnu99;
				GCC_WARN_64_TO_32_BIT_CONVERSION = YES;
				GCC_WARN_ABOUT_RETURN_TYPE = YES_ERROR;
				GCC_WARN_UNDECLARED_SELECTOR = YES;
				GCC_WARN_UNINITIALIZED_AUTOS = YES_AGGRESSIVE;
				GCC_WARN_UNUSED_FUNCTION = YES;
				GCC_WARN_UNUSED_VARIABLE = YES;
				IPHONEOS_DEPLOYMENT_TARGET = 7.1;
				SDKROOT = iphoneos;
				VALIDATE_PRODUCT = YES;
			};
			name = Release;
		};
		D8F0273019A65C7F00CFC6F0 /* Debug */ = {
			isa = XCBuildConfiguration;
			buildSettings = {
				ASSETCATALOG_COMPILER_APPICON_NAME = AppIcon;
				ASSETCATALOG_COMPILER_LAUNCHIMAGE_NAME = LaunchImage;
				GCC_PRECOMPILE_PREFIX_HEADER = YES;
				GCC_PREFIX_HEADER = "UITableViewController Challenge Solution/UITableViewController Challenge Solution-Prefix.pch";
				INFOPLIST_FILE = "UITableViewController Challenge Solution/UITableViewController Challenge Solution-Info.plist";
				PRODUCT_NAME = "$(TARGET_NAME)";
				WRAPPER_EXTENSION = app;
			};
			name = Debug;
		};
		D8F0273119A65C7F00CFC6F0 /* Release */ = {
			isa = XCBuildConfiguration;
			buildSettings = {
				ASSETCATALOG_COMPILER_APPICON_NAME = AppIcon;
				ASSETCATALOG_COMPILER_LAUNCHIMAGE_NAME = LaunchImage;
				GCC_PRECOMPILE_PREFIX_HEADER = YES;
				GCC_PREFIX_HEADER = "UITableViewController Challenge Solution/UITableViewController Challenge Solution-Prefix.pch";
				INFOPLIST_FILE = "UITableViewController Challenge Solution/UITableViewController Challenge Solution-Info.plist";
				PRODUCT_NAME = "$(TARGET_NAME)";
				WRAPPER_EXTENSION = app;
			};
			name = Release;
		};
		D8F0273319A65C7F00CFC6F0 /* Debug */ = {
			isa = XCBuildConfiguration;
			buildSettings = {
				BUNDLE_LOADER = "$(BUILT_PRODUCTS_DIR)/UITableViewController Challenge Solution.app/UITableViewController Challenge Solution";
				FRAMEWORK_SEARCH_PATHS = (
					"$(SDKROOT)/Developer/Library/Frameworks",
					"$(inherited)",
					"$(DEVELOPER_FRAMEWORKS_DIR)",
				);
				GCC_PRECOMPILE_PREFIX_HEADER = YES;
				GCC_PREFIX_HEADER = "UITableViewController Challenge Solution/UITableViewController Challenge Solution-Prefix.pch";
				GCC_PREPROCESSOR_DEFINITIONS = (
					"DEBUG=1",
					"$(inherited)",
				);
				INFOPLIST_FILE = "UITableViewController Challenge SolutionTests/UITableViewController Challenge SolutionTests-Info.plist";
				PRODUCT_NAME = "$(TARGET_NAME)";
				TEST_HOST = "$(BUNDLE_LOADER)";
				WRAPPER_EXTENSION = xctest;
			};
			name = Debug;
		};
		D8F0273419A65C7F00CFC6F0 /* Release */ = {
			isa = XCBuildConfiguration;
			buildSettings = {
				BUNDLE_LOADER = "$(BUILT_PRODUCTS_DIR)/UITableViewController Challenge Solution.app/UITableViewController Challenge Solution";
				FRAMEWORK_SEARCH_PATHS = (
					"$(SDKROOT)/Developer/Library/Frameworks",
					"$(inherited)",
					"$(DEVELOPER_FRAMEWORKS_DIR)",
				);
				GCC_PRECOMPILE_PREFIX_HEADER = YES;
				GCC_PREFIX_HEADER = "UITableViewController Challenge Solution/UITableViewController Challenge Solution-Prefix.pch";
				INFOPLIST_FILE = "UITableViewController Challenge SolutionTests/UITableViewController Challenge SolutionTests-Info.plist";
				PRODUCT_NAME = "$(TARGET_NAME)";
				TEST_HOST = "$(BUNDLE_LOADER)";
				WRAPPER_EXTENSION = xctest;
			};
			name = Release;
		};
/* End XCBuildConfiguration section */

/* Begin XCConfigurationList section */
		D8F026F819A65C7F00CFC6F0 /* Build configuration list for PBXProject "UITableViewController Challenge Solution" */ = {
			isa = XCConfigurationList;
			buildConfigurations = (
				D8F0272D19A65C7F00CFC6F0 /* Debug */,
				D8F0272E19A65C7F00CFC6F0 /* Release */,
			);
			defaultConfigurationIsVisible = 0;
			defaultConfigurationName = Release;
		};
		D8F0272F19A65C7F00CFC6F0 /* Build configuration list for PBXNativeTarget "UITableViewController Challenge Solution" */ = {
			isa = XCConfigurationList;
			buildConfigurations = (
				D8F0273019A65C7F00CFC6F0 /* Debug */,
				D8F0273119A65C7F00CFC6F0 /* Release */,
			);
			defaultConfigurationIsVisible = 0;
		};
		D8F0273219A65C7F00CFC6F0 /* Build configuration list for PBXNativeTarget "UITableViewController Challenge SolutionTests" */ = {
			isa = XCConfigurationList;
			buildConfigurations = (
				D8F0273319A65C7F00CFC6F0 /* Debug */,
				D8F0273419A65C7F00CFC6F0 /* Release */,
			);
			defaultConfigurationIsVisible = 0;
		};
/* End XCConfigurationList section */
	};
	rootObject = D8F026F519A65C7F00CFC6F0 /* Project object */;
}
