// !$*UTF8*$!
{
	archiveVersion = 1;
	classes = {
	};
	objectVersion = 46;
	objects = {

/* Begin PBXBuildFile section */
		D84D5FFC19250F9600F766A6 /* Foundation.framework in Frameworks */ = {isa = PBXBuildFile; fileRef = D84D5FFB19250F9600F766A6 /* Foundation.framework */; };
		D84D5FFE19250F9600F766A6 /* CoreGraphics.framework in Frameworks */ = {isa = PBXBuildFile; fileRef = D84D5FFD19250F9600F766A6 /* CoreGraphics.framework */; };
		D84D600019250F9600F766A6 /* UIKit.framework in Frameworks */ = {isa = PBXBuildFile; fileRef = D84D5FFF19250F9600F766A6 /* UIKit.framework */; };
		D84D600619250F9600F766A6 /* InfoPlist.strings in Resources */ = {isa = PBXBuildFile; fileRef = D84D600419250F9600F766A6 /* InfoPlist.strings */; };
		D84D600819250F9600F766A6 /* main.m in Sources */ = {isa = PBXBuildFile; fileRef = D84D600719250F9600F766A6 /* main.m */; };
		D84D600C19250F9600F766A6 /* JLAppDelegate.m in Sources */ = {isa = PBXBuildFile; fileRef = D84D600B19250F9600F766A6 /* JLAppDelegate.m */; };
		D84D600F19250F9600F766A6 /* Main.storyboard in Resources */ = {isa = PBXBuildFile; fileRef = D84D600D19250F9600F766A6 /* Main.storyboard */; };
		D84D601219250F9600F766A6 /* JLViewController.m in Sources */ = {isa = PBXBuildFile; fileRef = D84D601119250F9600F766A6 /* JLViewController.m */; };
		D84D601419250F9600F766A6 /* Images.xcassets in Resources */ = {isa = PBXBuildFile; fileRef = D84D601319250F9600F766A6 /* Images.xcassets */; };
		D84D601B19250F9600F766A6 /* XCTest.framework in Frameworks */ = {isa = PBXBuildFile; fileRef = D84D601A19250F9600F766A6 /* XCTest.framework */; };
		D84D601C19250F9600F766A6 /* Foundation.framework in Frameworks */ = {isa = PBXBuildFile; fileRef = D84D5FFB19250F9600F766A6 /* Foundation.framework */; };
		D84D601D19250F9600F766A6 /* UIKit.framework in Frameworks */ = {isa = PBXBuildFile; fileRef = D84D5FFF19250F9600F766A6 /* UIKit.framework */; };
		D84D602519250F9600F766A6 /* InfoPlist.strings in Resources */ = {isa = PBXBuildFile; fileRef = D84D602319250F9600F766A6 /* InfoPlist.strings */; };
		D84D602719250F9600F766A6 /* FunkyUnitConverterTests.m in Sources */ = {isa = PBXBuildFile; fileRef = D84D602619250F9600F766A6 /* FunkyUnitConverterTests.m */; };
/* End PBXBuildFile section */

/* Begin PBXContainerItemProxy section */
		D84D601E19250F9600F766A6 /* PBXContainerItemProxy */ = {
			isa = PBXContainerItemProxy;
			containerPortal = D84D5FF019250F9600F766A6 /* Project object */;
			proxyType = 1;
			remoteGlobalIDString = D84D5FF719250F9600F766A6;
			remoteInfo = FunkyUnitConverter;
		};
/* End PBXContainerItemProxy section */

/* Begin PBXFileReference section */
		D84D5FF819250F9600F766A6 /* FunkyUnitConverter.app */ = {isa = PBXFileReference; explicitFileType = wrapper.application; includeInIndex = 0; path = FunkyUnitConverter.app; sourceTree = BUILT_PRODUCTS_DIR; };
		D84D5FFB19250F9600F766A6 /* Foundation.framework */ = {isa = PBXFileReference; lastKnownFileType = wrapper.framework; name = Foundation.framework; path = System/Library/Frameworks/Foundation.framework; sourceTree = SDKROOT; };
		D84D5FFD19250F9600F766A6 /* CoreGraphics.framework */ = {isa = PBXFileReference; lastKnownFileType = wrapper.framework; name = CoreGraphics.framework; path = System/Library/Frameworks/CoreGraphics.framework; sourceTree = SDKROOT; };
		D84D5FFF19250F9600F766A6 /* UIKit.framework */ = {isa = PBXFileReference; lastKnownFileType = wrapper.framework; name = UIKit.framework; path = System/Library/Frameworks/UIKit.framework; sourceTree = SDKROOT; };
		D84D600319250F9600F766A6 /* FunkyUnitConverter-Info.plist */ = {isa = PBXFileReference; lastKnownFileType = text.plist.xml; path = "FunkyUnitConverter-Info.plist"; sourceTree = "<group>"; };
		D84D600519250F9600F766A6 /* en */ = {isa = PBXFileReference; lastKnownFileType = text.plist.strings; name = en; path = en.lproj/InfoPlist.strings; sourceTree = "<group>"; };
		D84D600719250F9600F766A6 /* main.m */ = {isa = PBXFileReference; lastKnownFileType = sourcecode.c.objc; path = main.m; sourceTree = "<group>"; };
		D84D600919250F9600F766A6 /* FunkyUnitConverter-Prefix.pch */ = {isa = PBXFileReference; lastKnownFileType = sourcecode.c.h; path = "FunkyUnitConverter-Prefix.pch"; sourceTree = "<group>"; };
		D84D600A19250F9600F766A6 /* JLAppDelegate.h */ = {isa = PBXFileReference; lastKnownFileType = sourcecode.c.h; path = JLAppDelegate.h; sourceTree = "<group>"; };
		D84D600B19250F9600F766A6 /* JLAppDelegate.m */ = {isa = PBXFileReference; lastKnownFileType = sourcecode.c.objc; path = JLAppDelegate.m; sourceTree = "<group>"; };
		D84D600E19250F9600F766A6 /* Base */ = {isa = PBXFileReference; lastKnownFileType = file.storyboard; name = Base; path = Base.lproj/Main.storyboard; sourceTree = "<group>"; };
		D84D601019250F9600F766A6 /* JLViewController.h */ = {isa = PBXFileReference; lastKnownFileType = sourcecode.c.h; path = JLViewController.h; sourceTree = "<group>"; };
		D84D601119250F9600F766A6 /* JLViewController.m */ = {isa = PBXFileReference; lastKnownFileType = sourcecode.c.objc; path = JLViewController.m; sourceTree = "<group>"; };
		D84D601319250F9600F766A6 /* Images.xcassets */ = {isa = PBXFileReference; lastKnownFileType = folder.assetcatalog; path = Images.xcassets; sourceTree = "<group>"; };
		D84D601919250F9600F766A6 /* FunkyUnitConverterTests.xctest */ = {isa = PBXFileReference; explicitFileType = wrapper.cfbundle; includeInIndex = 0; path = FunkyUnitConverterTests.xctest; sourceTree = BUILT_PRODUCTS_DIR; };
		D84D601A19250F9600F766A6 /* XCTest.framework */ = {isa = PBXFileReference; lastKnownFileType = wrapper.framework; name = XCTest.framework; path = Library/Frameworks/XCTest.framework; sourceTree = DEVELOPER_DIR; };
		D84D602219250F9600F766A6 /* FunkyUnitConverterTests-Info.plist */ = {isa = PBXFileReference; lastKnownFileType = text.plist.xml; path = "FunkyUnitConverterTests-Info.plist"; sourceTree = "<group>"; };
		D84D602419250F9600F766A6 /* en */ = {isa = PBXFileReference; lastKnownFileType = text.plist.strings; name = en; path = en.lproj/InfoPlist.strings; sourceTree = "<group>"; };
		D84D602619250F9600F766A6 /* FunkyUnitConverterTests.m */ = {isa = PBXFileReference; lastKnownFileType = sourcecode.c.objc; path = FunkyUnitConverterTests.m; sourceTree = "<group>"; };
/* End PBXFileReference section */

/* Begin PBXFrameworksBuildPhase section */
		D84D5FF519250F9600F766A6 /* Frameworks */ = {
			isa = PBXFrameworksBuildPhase;
			buildActionMask = 2147483647;
			files = (
				D84D5FFE19250F9600F766A6 /* CoreGraphics.framework in Frameworks */,
				D84D600019250F9600F766A6 /* UIKit.framework in Frameworks */,
				D84D5FFC19250F9600F766A6 /* Foundation.framework in Frameworks */,
			);
			runOnlyForDeploymentPostprocessing = 0;
		};
		D84D601619250F9600F766A6 /* Frameworks */ = {
			isa = PBXFrameworksBuildPhase;
			buildActionMask = 2147483647;
			files = (
				D84D601B19250F9600F766A6 /* XCTest.framework in Frameworks */,
				D84D601D19250F9600F766A6 /* UIKit.framework in Frameworks */,
				D84D601C19250F9600F766A6 /* Foundation.framework in Frameworks */,
			);
			runOnlyForDeploymentPostprocessing = 0;
		};
/* End PBXFrameworksBuildPhase section */

/* Begin PBXGroup section */
		D84D5FEF19250F9600F766A6 = {
			isa = PBXGroup;
			children = (
				D84D600119250F9600F766A6 /* FunkyUnitConverter */,
				D84D602019250F9600F766A6 /* FunkyUnitConverterTests */,
				D84D5FFA19250F9600F766A6 /* Frameworks */,
				D84D5FF919250F9600F766A6 /* Products */,
			);
			sourceTree = "<group>";
		};
		D84D5FF919250F9600F766A6 /* Products */ = {
			isa = PBXGroup;
			children = (
				D84D5FF819250F9600F766A6 /* FunkyUnitConverter.app */,
				D84D601919250F9600F766A6 /* FunkyUnitConverterTests.xctest */,
			);
			name = Products;
			sourceTree = "<group>";
		};
		D84D5FFA19250F9600F766A6 /* Frameworks */ = {
			isa = PBXGroup;
			children = (
				D84D5FFB19250F9600F766A6 /* Foundation.framework */,
				D84D5FFD19250F9600F766A6 /* CoreGraphics.framework */,
				D84D5FFF19250F9600F766A6 /* UIKit.framework */,
				D84D601A19250F9600F766A6 /* XCTest.framework */,
			);
			name = Frameworks;
			sourceTree = "<group>";
		};
		D84D600119250F9600F766A6 /* FunkyUnitConverter */ = {
			isa = PBXGroup;
			children = (
				D84D600A19250F9600F766A6 /* JLAppDelegate.h */,
				D84D600B19250F9600F766A6 /* JLAppDelegate.m */,
				D84D600D19250F9600F766A6 /* Main.storyboard */,
				D84D601019250F9600F766A6 /* JLViewController.h */,
				D84D601119250F9600F766A6 /* JLViewController.m */,
				D84D601319250F9600F766A6 /* Images.xcassets */,
				D84D600219250F9600F766A6 /* Supporting Files */,
			);
			path = FunkyUnitConverter;
			sourceTree = "<group>";
		};
		D84D600219250F9600F766A6 /* Supporting Files */ = {
			isa = PBXGroup;
			children = (
				D84D600319250F9600F766A6 /* FunkyUnitConverter-Info.plist */,
				D84D600419250F9600F766A6 /* InfoPlist.strings */,
				D84D600719250F9600F766A6 /* main.m */,
				D84D600919250F9600F766A6 /* FunkyUnitConverter-Prefix.pch */,
			);
			name = "Supporting Files";
			sourceTree = "<group>";
		};
		D84D602019250F9600F766A6 /* FunkyUnitConverterTests */ = {
			isa = PBXGroup;
			children = (
				D84D602619250F9600F766A6 /* FunkyUnitConverterTests.m */,
				D84D602119250F9600F766A6 /* Supporting Files */,
			);
			path = FunkyUnitConverterTests;
			sourceTree = "<group>";
		};
		D84D602119250F9600F766A6 /* Supporting Files */ = {
			isa = PBXGroup;
			children = (
				D84D602219250F9600F766A6 /* FunkyUnitConverterTests-Info.plist */,
				D84D602319250F9600F766A6 /* InfoPlist.strings */,
			);
			name = "Supporting Files";
			sourceTree = "<group>";
		};
/* End PBXGroup section */

/* Begin PBXNativeTarget section */
		D84D5FF719250F9600F766A6 /* FunkyUnitConverter */ = {
			isa = PBXNativeTarget;
			buildConfigurationList = D84D602A19250F9600F766A6 /* Build configuration list for PBXNativeTarget "FunkyUnitConverter" */;
			buildPhases = (
				D84D5FF419250F9600F766A6 /* Sources */,
				D84D5FF519250F9600F766A6 /* Frameworks */,
				D84D5FF619250F9600F766A6 /* Resources */,
			);
			buildRules = (
			);
			dependencies = (
			);
			name = FunkyUnitConverter;
			productName = FunkyUnitConverter;
			productReference = D84D5FF819250F9600F766A6 /* FunkyUnitConverter.app */;
			productType = "com.apple.product-type.application";
		};
		D84D601819250F9600F766A6 /* FunkyUnitConverterTests */ = {
			isa = PBXNativeTarget;
			buildConfigurationList = D84D602D19250F9600F766A6 /* Build configuration list for PBXNativeTarget "FunkyUnitConverterTests" */;
			buildPhases = (
				D84D601519250F9600F766A6 /* Sources */,
				D84D601619250F9600F766A6 /* Frameworks */,
				D84D601719250F9600F766A6 /* Resources */,
			);
			buildRules = (
			);
			dependencies = (
				D84D601F19250F9600F766A6 /* PBXTargetDependency */,
			);
			name = FunkyUnitConverterTests;
			productName = FunkyUnitConverterTests;
			productReference = D84D601919250F9600F766A6 /* FunkyUnitConverterTests.xctest */;
			productType = "com.apple.product-type.bundle.unit-test";
		};
/* End PBXNativeTarget section */

/* Begin PBXProject section */
		D84D5FF019250F9600F766A6 /* Project object */ = {
			isa = PBXProject;
			attributes = {
				CLASSPREFIX = JL;
				LastUpgradeCheck = 0510;
				TargetAttributes = {
					D84D601819250F9600F766A6 = {
						TestTargetID = D84D5FF719250F9600F766A6;
					};
				};
			};
			buildConfigurationList = D84D5FF319250F9600F766A6 /* Build configuration list for PBXProject "FunkyUnitConverter" */;
			compatibilityVersion = "Xcode 3.2";
			developmentRegion = English;
			hasScannedForEncodings = 0;
			knownRegions = (
				en,
				Base,
			);
			mainGroup = D84D5FEF19250F9600F766A6;
			productRefGroup = D84D5FF919250F9600F766A6 /* Products */;
			projectDirPath = "";
			projectRoot = "";
			targets = (
				D84D5FF719250F9600F766A6 /* FunkyUnitConverter */,
				D84D601819250F9600F766A6 /* FunkyUnitConverterTests */,
			);
		};
/* End PBXProject section */

/* Begin PBXResourcesBuildPhase section */
		D84D5FF619250F9600F766A6 /* Resources */ = {
			isa = PBXResourcesBuildPhase;
			buildActionMask = 2147483647;
			files = (
				D84D601419250F9600F766A6 /* Images.xcassets in Resources */,
				D84D600619250F9600F766A6 /* InfoPlist.strings in Resources */,
				D84D600F19250F9600F766A6 /* Main.storyboard in Resources */,
			);
			runOnlyForDeploymentPostprocessing = 0;
		};
		D84D601719250F9600F766A6 /* Resources */ = {
			isa = PBXResourcesBuildPhase;
			buildActionMask = 2147483647;
			files = (
				D84D602519250F9600F766A6 /* InfoPlist.strings in Resources */,
			);
			runOnlyForDeploymentPostprocessing = 0;
		};
/* End PBXResourcesBuildPhase section */

/* Begin PBXSourcesBuildPhase section */
		D84D5FF419250F9600F766A6 /* Sources */ = {
			isa = PBXSourcesBuildPhase;
			buildActionMask = 2147483647;
			files = (
				D84D600C19250F9600F766A6 /* JLAppDelegate.m in Sources */,
				D84D601219250F9600F766A6 /* JLViewController.m in Sources */,
				D84D600819250F9600F766A6 /* main.m in Sources */,
			);
			runOnlyForDeploymentPostprocessing = 0;
		};
		D84D601519250F9600F766A6 /* Sources */ = {
			isa = PBXSourcesBuildPhase;
			buildActionMask = 2147483647;
			files = (
				D84D602719250F9600F766A6 /* FunkyUnitConverterTests.m in Sources */,
			);
			runOnlyForDeploymentPostprocessing = 0;
		};
/* End PBXSourcesBuildPhase section */

/* Begin PBXTargetDependency section */
		D84D601F19250F9600F766A6 /* PBXTargetDependency */ = {
			isa = PBXTargetDependency;
			target = D84D5FF719250F9600F766A6 /* FunkyUnitConverter */;
			targetProxy = D84D601E19250F9600F766A6 /* PBXContainerItemProxy */;
		};
/* End PBXTargetDependency section */

/* Begin PBXVariantGroup section */
		D84D600419250F9600F766A6 /* InfoPlist.strings */ = {
			isa = PBXVariantGroup;
			children = (
				D84D600519250F9600F766A6 /* en */,
			);
			name = InfoPlist.strings;
			sourceTree = "<group>";
		};
		D84D600D19250F9600F766A6 /* Main.storyboard */ = {
			isa = PBXVariantGroup;
			children = (
				D84D600E19250F9600F766A6 /* Base */,
			);
			name = Main.storyboard;
			sourceTree = "<group>";
		};
		D84D602319250F9600F766A6 /* InfoPlist.strings */ = {
			isa = PBXVariantGroup;
			children = (
				D84D602419250F9600F766A6 /* en */,
			);
			name = InfoPlist.strings;
			sourceTree = "<group>";
		};
/* End PBXVariantGroup section */

/* Begin XCBuildConfiguration section */
		D84D602819250F9600F766A6 /* Debug */ = {
			isa = XCBuildConfiguration;
			buildSettings = {
				ALWAYS_SEARCH_USER_PATHS = NO;
				CLANG_CXX_LANGUAGE_STANDARD = "gnu++0x";
				CLANG_CXX_LIBRARY = "libc++";
				CLANG_ENABLE_MODULES = YES;
				CLANG_ENABLE_OBJC_ARC = YES;
				CLANG_WARN_BOOL_CONVERSION = YES;
				CLANG_WARN_CONSTANT_CONVERSION = YES;
				CLANG_WARN_DIRECT_OBJC_ISA_USAGE = YES_ERROR;
				CLANG_WARN_EMPTY_BODY = YES;
				CLANG_WARN_ENUM_CONVERSION = YES;
				CLANG_WARN_INT_CONVERSION = YES;
				CLANG_WARN_OBJC_ROOT_CLASS = YES_ERROR;
				CLANG_WARN__DUPLICATE_METHOD_MATCH = YES;
				"CODE_SIGN_IDENTITY[sdk=iphoneos*]" = "iPhone Developer";
				COPY_PHASE_STRIP = NO;
				GCC_C_LANGUAGE_STANDARD = gnu99;
				GCC_DYNAMIC_NO_PIC = NO;
				GCC_OPTIMIZATION_LEVEL = 0;
				GCC_PREPROCESSOR_DEFINITIONS = (
					"DEBUG=1",
					"$(inherited)",
				);
				GCC_SYMBOLS_PRIVATE_EXTERN = NO;
				GCC_WARN_64_TO_32_BIT_CONVERSION = YES;
				GCC_WARN_ABOUT_RETURN_TYPE = YES_ERROR;
				GCC_WARN_UNDECLARED_SELECTOR = YES;
				GCC_WARN_UNINITIALIZED_AUTOS = YES_AGGRESSIVE;
				GCC_WARN_UNUSED_FUNCTION = YES;
				GCC_WARN_UNUSED_VARIABLE = YES;
				IPHONEOS_DEPLOYMENT_TARGET = 7.1;
				ONLY_ACTIVE_ARCH = YES;
				SDKROOT = iphoneos;
			};
			name = Debug;
		};
		D84D602919250F9600F766A6 /* Release */ = {
			isa = XCBuildConfiguration;
			buildSettings = {
				ALWAYS_SEARCH_USER_PATHS = NO;
				CLANG_CXX_LANGUAGE_STANDARD = "gnu++0x";
				CLANG_CXX_LIBRARY = "libc++";
				CLANG_ENABLE_MODULES = YES;
				CLANG_ENABLE_OBJC_ARC = YES;
				CLANG_WARN_BOOL_CONVERSION = YES;
				CLANG_WARN_CONSTANT_CONVERSION = YES;
				CLANG_WARN_DIRECT_OBJC_ISA_USAGE = YES_ERROR;
				CLANG_WARN_EMPTY_BODY = YES;
				CLANG_WARN_ENUM_CONVERSION = YES;
				CLANG_WARN_INT_CONVERSION = YES;
				CLANG_WARN_OBJC_ROOT_CLASS = YES_ERROR;
				CLANG_WARN__DUPLICATE_METHOD_MATCH = YES;
				"CODE_SIGN_IDENTITY[sdk=iphoneos*]" = "iPhone Developer";
				COPY_PHASE_STRIP = YES;
				ENABLE_NS_ASSERTIONS = NO;
				GCC_C_LANGUAGE_STANDARD = gnu99;
				GCC_WARN_64_TO_32_BIT_CONVERSION = YES;
				GCC_WARN_ABOUT_RETURN_TYPE = YES_ERROR;
				GCC_WARN_UNDECLARED_SELECTOR = YES;
				GCC_WARN_UNINITIALIZED_AUTOS = YES_AGGRESSIVE;
				GCC_WARN_UNUSED_FUNCTION = YES;
				GCC_WARN_UNUSED_VARIABLE = YES;
				IPHONEOS_DEPLOYMENT_TARGET = 7.1;
				SDKROOT = iphoneos;
				VALIDATE_PRODUCT = YES;
			};
			name = Release;
		};
		D84D602B19250F9600F766A6 /* Debug */ = {
			isa = XCBuildConfiguration;
			buildSettings = {
				ASSETCATALOG_COMPILER_APPICON_NAME = AppIcon;
				ASSETCATALOG_COMPILER_LAUNCHIMAGE_NAME = LaunchImage;
				GCC_PRECOMPILE_PREFIX_HEADER = YES;
				GCC_PREFIX_HEADER = "FunkyUnitConverter/FunkyUnitConverter-Prefix.pch";
				INFOPLIST_FILE = "FunkyUnitConverter/FunkyUnitConverter-Info.plist";
				PRODUCT_NAME = "$(TARGET_NAME)";
				WRAPPER_EXTENSION = app;
			};
			name = Debug;
		};
		D84D602C19250F9600F766A6 /* Release */ = {
			isa = XCBuildConfiguration;
			buildSettings = {
				ASSETCATALOG_COMPILER_APPICON_NAME = AppIcon;
				ASSETCATALOG_COMPILER_LAUNCHIMAGE_NAME = LaunchImage;
				GCC_PRECOMPILE_PREFIX_HEADER = YES;
				GCC_PREFIX_HEADER = "FunkyUnitConverter/FunkyUnitConverter-Prefix.pch";
				INFOPLIST_FILE = "FunkyUnitConverter/FunkyUnitConverter-Info.plist";
				PRODUCT_NAME = "$(TARGET_NAME)";
				WRAPPER_EXTENSION = app;
			};
			name = Release;
		};
		D84D602E19250F9600F766A6 /* Debug */ = {
			isa = XCBuildConfiguration;
			buildSettings = {
				BUNDLE_LOADER = "$(BUILT_PRODUCTS_DIR)/FunkyUnitConverter.app/FunkyUnitConverter";
				FRAMEWORK_SEARCH_PATHS = (
					"$(SDKROOT)/Developer/Library/Frameworks",
					"$(inherited)",
					"$(DEVELOPER_FRAMEWORKS_DIR)",
				);
				GCC_PRECOMPILE_PREFIX_HEADER = YES;
				GCC_PREFIX_HEADER = "FunkyUnitConverter/FunkyUnitConverter-Prefix.pch";
				GCC_PREPROCESSOR_DEFINITIONS = (
					"DEBUG=1",
					"$(inherited)",
				);
				INFOPLIST_FILE = "FunkyUnitConverterTests/FunkyUnitConverterTests-Info.plist";
				PRODUCT_NAME = "$(TARGET_NAME)";
				TEST_HOST = "$(BUNDLE_LOADER)";
				WRAPPER_EXTENSION = xctest;
			};
			name = Debug;
		};
		D84D602F19250F9600F766A6 /* Release */ = {
			isa = XCBuildConfiguration;
			buildSettings = {
				BUNDLE_LOADER = "$(BUILT_PRODUCTS_DIR)/FunkyUnitConverter.app/FunkyUnitConverter";
				FRAMEWORK_SEARCH_PATHS = (
					"$(SDKROOT)/Developer/Library/Frameworks",
					"$(inherited)",
					"$(DEVELOPER_FRAMEWORKS_DIR)",
				);
				GCC_PRECOMPILE_PREFIX_HEADER = YES;
				GCC_PREFIX_HEADER = "FunkyUnitConverter/FunkyUnitConverter-Prefix.pch";
				INFOPLIST_FILE = "FunkyUnitConverterTests/FunkyUnitConverterTests-Info.plist";
				PRODUCT_NAME = "$(TARGET_NAME)";
				TEST_HOST = "$(BUNDLE_LOADER)";
				WRAPPER_EXTENSION = xctest;
			};
			name = Release;
		};
/* End XCBuildConfiguration section */

/* Begin XCConfigurationList section */
		D84D5FF319250F9600F766A6 /* Build configuration list for PBXProject "FunkyUnitConverter" */ = {
			isa = XCConfigurationList;
			buildConfigurations = (
				D84D602819250F9600F766A6 /* Debug */,
				D84D602919250F9600F766A6 /* Release */,
			);
			defaultConfigurationIsVisible = 0;
			defaultConfigurationName = Release;
		};
		D84D602A19250F9600F766A6 /* Build configuration list for PBXNativeTarget "FunkyUnitConverter" */ = {
			isa = XCConfigurationList;
			buildConfigurations = (
				D84D602B19250F9600F766A6 /* Debug */,
				D84D602C19250F9600F766A6 /* Release */,
			);
			defaultConfigurationIsVisible = 0;
		};
		D84D602D19250F9600F766A6 /* Build configuration list for PBXNativeTarget "FunkyUnitConverterTests" */ = {
			isa = XCConfigurationList;
			buildConfigurations = (
				D84D602E19250F9600F766A6 /* Debug */,
				D84D602F19250F9600F766A6 /* Release */,
			);
			defaultConfigurationIsVisible = 0;
		};
/* End XCConfigurationList section */
	};
	rootObject = D84D5FF019250F9600F766A6 /* Project object */;
}
